// !$*UTF8*$!
{
	archiveVersion = 1;
	classes = {
	};
	objectVersion = 46;
	objects = {

/* Begin PBXBuildFile section */
		0102526417B46B6F00BF1F3C /* STPCard.m in Sources */ = {isa = PBXBuildFile; fileRef = 0102520817B46B6F00BF1F3C /* STPCard.m */; };
		0102526517B46B6F00BF1F3C /* STPToken.m in Sources */ = {isa = PBXBuildFile; fileRef = 0102520A17B46B6F00BF1F3C /* STPToken.m */; };
		0102526617B46B6F00BF1F3C /* STPView.m in Sources */ = {isa = PBXBuildFile; fileRef = 0102520C17B46B6F00BF1F3C /* STPView.m */; };
		0102526717B46B6F00BF1F3C /* Stripe.m in Sources */ = {isa = PBXBuildFile; fileRef = 0102520F17B46B6F00BF1F3C /* Stripe.m */; };
		0102526817B46B6F00BF1F3C /* StripeError.m in Sources */ = {isa = PBXBuildFile; fileRef = 0102521117B46B6F00BF1F3C /* StripeError.m */; };
		0102526917B46B6F00BF1F3C /* .gitignore in Resources */ = {isa = PBXBuildFile; fileRef = 0102521417B46B6F00BF1F3C /* .gitignore */; };
		0102526A17B46B6F00BF1F3C /* LICENSE in Resources */ = {isa = PBXBuildFile; fileRef = 0102521517B46B6F00BF1F3C /* LICENSE */; };
		0102526B17B46B6F00BF1F3C /* PKAddressZip.m in Sources */ = {isa = PBXBuildFile; fileRef = 0102521817B46B6F00BF1F3C /* PKAddressZip.m */; };
		0102526C17B46B6F00BF1F3C /* PKCard.m in Sources */ = {isa = PBXBuildFile; fileRef = 0102521A17B46B6F00BF1F3C /* PKCard.m */; };
		0102526D17B46B6F00BF1F3C /* PKCardCVC.m in Sources */ = {isa = PBXBuildFile; fileRef = 0102521C17B46B6F00BF1F3C /* PKCardCVC.m */; };
		0102526E17B46B6F00BF1F3C /* PKCardExpiry.m in Sources */ = {isa = PBXBuildFile; fileRef = 0102521E17B46B6F00BF1F3C /* PKCardExpiry.m */; };
		0102526F17B46B6F00BF1F3C /* PKCardNumber.m in Sources */ = {isa = PBXBuildFile; fileRef = 0102522017B46B6F00BF1F3C /* PKCardNumber.m */; };
		0102527017B46B6F00BF1F3C /* PKTextField.m in Sources */ = {isa = PBXBuildFile; fileRef = 0102522317B46B6F00BF1F3C /* PKTextField.m */; };
		0102527117B46B6F00BF1F3C /* PKUSAddressZip.m in Sources */ = {isa = PBXBuildFile; fileRef = 0102522517B46B6F00BF1F3C /* PKUSAddressZip.m */; };
		0102527217B46B6F00BF1F3C /* PKView.m in Sources */ = {isa = PBXBuildFile; fileRef = 0102522717B46B6F00BF1F3C /* PKView.m */; };
		0102527317B46B6F00BF1F3C /* amex.png in Resources */ = {isa = PBXBuildFile; fileRef = 0102522A17B46B6F00BF1F3C /* amex.png */; };
		0102527417B46B6F00BF1F3C /* amex@2x.png in Resources */ = {isa = PBXBuildFile; fileRef = 0102522B17B46B6F00BF1F3C /* amex@2x.png */; };
		0102527517B46B6F00BF1F3C /* cvc-amex.png in Resources */ = {isa = PBXBuildFile; fileRef = 0102522C17B46B6F00BF1F3C /* cvc-amex.png */; };
		0102527617B46B6F00BF1F3C /* cvc-amex@2x.png in Resources */ = {isa = PBXBuildFile; fileRef = 0102522D17B46B6F00BF1F3C /* cvc-amex@2x.png */; };
		0102527717B46B6F00BF1F3C /* cvc.png in Resources */ = {isa = PBXBuildFile; fileRef = 0102522E17B46B6F00BF1F3C /* cvc.png */; };
		0102527817B46B6F00BF1F3C /* cvc@2x.png in Resources */ = {isa = PBXBuildFile; fileRef = 0102522F17B46B6F00BF1F3C /* cvc@2x.png */; };
		0102527917B46B6F00BF1F3C /* diners.png in Resources */ = {isa = PBXBuildFile; fileRef = 0102523017B46B6F00BF1F3C /* diners.png */; };
		0102527A17B46B6F00BF1F3C /* diners@2x.png in Resources */ = {isa = PBXBuildFile; fileRef = 0102523117B46B6F00BF1F3C /* diners@2x.png */; };
		0102527B17B46B6F00BF1F3C /* discover.png in Resources */ = {isa = PBXBuildFile; fileRef = 0102523217B46B6F00BF1F3C /* discover.png */; };
		0102527C17B46B6F00BF1F3C /* discover@2x.png in Resources */ = {isa = PBXBuildFile; fileRef = 0102523317B46B6F00BF1F3C /* discover@2x.png */; };
		0102527D17B46B6F00BF1F3C /* jcb.png in Resources */ = {isa = PBXBuildFile; fileRef = 0102523417B46B6F00BF1F3C /* jcb.png */; };
		0102527E17B46B6F00BF1F3C /* jcb@2x.png in Resources */ = {isa = PBXBuildFile; fileRef = 0102523517B46B6F00BF1F3C /* jcb@2x.png */; };
		0102527F17B46B6F00BF1F3C /* mastercard.png in Resources */ = {isa = PBXBuildFile; fileRef = 0102523617B46B6F00BF1F3C /* mastercard.png */; };
		0102528017B46B6F00BF1F3C /* mastercard@2x.png in Resources */ = {isa = PBXBuildFile; fileRef = 0102523717B46B6F00BF1F3C /* mastercard@2x.png */; };
		0102528117B46B6F00BF1F3C /* placeholder.png in Resources */ = {isa = PBXBuildFile; fileRef = 0102523817B46B6F00BF1F3C /* placeholder.png */; };
		0102528217B46B6F00BF1F3C /* placeholder@2x.png in Resources */ = {isa = PBXBuildFile; fileRef = 0102523917B46B6F00BF1F3C /* placeholder@2x.png */; };
		0102528317B46B6F00BF1F3C /* visa.png in Resources */ = {isa = PBXBuildFile; fileRef = 0102523A17B46B6F00BF1F3C /* visa.png */; };
		0102528417B46B6F00BF1F3C /* visa@2x.png in Resources */ = {isa = PBXBuildFile; fileRef = 0102523B17B46B6F00BF1F3C /* visa@2x.png */; };
		0102528517B46B6F00BF1F3C /* gradient@2x.png in Resources */ = {isa = PBXBuildFile; fileRef = 0102523C17B46B6F00BF1F3C /* gradient@2x.png */; };
		0102528617B46B6F00BF1F3C /* textfield.png in Resources */ = {isa = PBXBuildFile; fileRef = 0102523D17B46B6F00BF1F3C /* textfield.png */; };
		0102528717B46B6F00BF1F3C /* textfield@2x.png in Resources */ = {isa = PBXBuildFile; fileRef = 0102523E17B46B6F00BF1F3C /* textfield@2x.png */; };
		0102529917B46B6F00BF1F3C /* PaymentKit.podspec in Resources */ = {isa = PBXBuildFile; fileRef = 0102526217B46B6F00BF1F3C /* PaymentKit.podspec */; };
		0102529A17B46B6F00BF1F3C /* README.md in Resources */ = {isa = PBXBuildFile; fileRef = 0102526317B46B6F00BF1F3C /* README.md */; };
		0109FC66177600C1008E5A66 /* Parse.framework in Frameworks */ = {isa = PBXBuildFile; fileRef = 0109FC65177600C1008E5A66 /* Parse.framework */; };
		0109FC6817760102008E5A66 /* AudioToolbox.framework in Frameworks */ = {isa = PBXBuildFile; fileRef = 0109FC6717760102008E5A66 /* AudioToolbox.framework */; };
		0109FC6A17760109008E5A66 /* CFNetwork.framework in Frameworks */ = {isa = PBXBuildFile; fileRef = 0109FC6917760109008E5A66 /* CFNetwork.framework */; };
		0109FC6C17760115008E5A66 /* CoreLocation.framework in Frameworks */ = {isa = PBXBuildFile; fileRef = 0109FC6B17760115008E5A66 /* CoreLocation.framework */; };
		0109FC6E1776011C008E5A66 /* libz.1.1.3.dylib in Frameworks */ = {isa = PBXBuildFile; fileRef = 0109FC6D1776011C008E5A66 /* libz.1.1.3.dylib */; };
		0109FC7017760124008E5A66 /* MobileCoreServices.framework in Frameworks */ = {isa = PBXBuildFile; fileRef = 0109FC6F17760124008E5A66 /* MobileCoreServices.framework */; };
		0109FC721776012B008E5A66 /* QuartzCore.framework in Frameworks */ = {isa = PBXBuildFile; fileRef = 0109FC711776012B008E5A66 /* QuartzCore.framework */; };
		0109FC7417760133008E5A66 /* Security.framework in Frameworks */ = {isa = PBXBuildFile; fileRef = 0109FC7317760133008E5A66 /* Security.framework */; };
		0109FC761776013A008E5A66 /* StoreKit.framework in Frameworks */ = {isa = PBXBuildFile; fileRef = 0109FC751776013A008E5A66 /* StoreKit.framework */; };
		0109FC7817760140008E5A66 /* SystemConfiguration.framework in Frameworks */ = {isa = PBXBuildFile; fileRef = 0109FC7717760140008E5A66 /* SystemConfiguration.framework */; };
		0109FC7B1776053E008E5A66 /* CreateOrLoginViewController.m in Sources */ = {isa = PBXBuildFile; fileRef = 0109FC7A1776053E008E5A66 /* CreateOrLoginViewController.m */; };
		010BD74D187B62A9009896AC /* LocationItemResult.m in Sources */ = {isa = PBXBuildFile; fileRef = 010BD74C187B62A9009896AC /* LocationItemResult.m */; };
		010BD750187B62C3009896AC /* LocationItem.m in Sources */ = {isa = PBXBuildFile; fileRef = 010BD74F187B62C3009896AC /* LocationItem.m */; };
		010BD75A187CAE48009896AC /* fire@2x.png in Resources */ = {isa = PBXBuildFile; fileRef = 010BD759187CAE48009896AC /* fire@2x.png */; };
		010BD75E187CAF94009896AC /* cog@2x.png in Resources */ = {isa = PBXBuildFile; fileRef = 010BD75B187CAF94009896AC /* cog@2x.png */; };
		010BD75F187CAF94009896AC /* coin@2x.png in Resources */ = {isa = PBXBuildFile; fileRef = 010BD75C187CAF94009896AC /* coin@2x.png */; };
		010BD760187CAF94009896AC /* food@2x.png in Resources */ = {isa = PBXBuildFile; fileRef = 010BD75D187CAF94009896AC /* food@2x.png */; };
		010BD764187DBF3C009896AC /* CloudinaryClient.m in Sources */ = {isa = PBXBuildFile; fileRef = 010BD763187DBF3C009896AC /* CloudinaryClient.m */; };
		010BD76C187F4CA9009896AC /* MenuCellNameLabel.m in Sources */ = {isa = PBXBuildFile; fileRef = 010BD76B187F4CA9009896AC /* MenuCellNameLabel.m */; };
		010BD76E1880A1E7009896AC /* ImageIO.framework in Frameworks */ = {isa = PBXBuildFile; fileRef = 010BD76D1880A1E7009896AC /* ImageIO.framework */; };
		010BD7711880B1CE009896AC /* FBMissingSymbols.m in Sources */ = {isa = PBXBuildFile; fileRef = 010BD7701880B1CE009896AC /* FBMissingSymbols.m */; };
		010BD7A218834849009896AC /* ios-beets-carrots@2x.jpg in Resources */ = {isa = PBXBuildFile; fileRef = 010BD79A18834849009896AC /* ios-beets-carrots@2x.jpg */; };
		010BD7A318834849009896AC /* ios-beets-turnips@2x.jpg in Resources */ = {isa = PBXBuildFile; fileRef = 010BD79B18834849009896AC /* ios-beets-turnips@2x.jpg */; };
		010BD7A418834849009896AC /* ios-cauli@2x.jpg in Resources */ = {isa = PBXBuildFile; fileRef = 010BD79C18834849009896AC /* ios-cauli@2x.jpg */; };
		010BD7A518834849009896AC /* ios-chicken@2x.jpg in Resources */ = {isa = PBXBuildFile; fileRef = 010BD79D18834849009896AC /* ios-chicken@2x.jpg */; };
		010BD7A618834849009896AC /* ios-pasta@2x.jpg in Resources */ = {isa = PBXBuildFile; fileRef = 010BD79E18834849009896AC /* ios-pasta@2x.jpg */; };
		010BD7A718834849009896AC /* ios-pilaf@2x.jpg in Resources */ = {isa = PBXBuildFile; fileRef = 010BD79F18834849009896AC /* ios-pilaf@2x.jpg */; };
		010BD7A818834849009896AC /* ios-pork@2x.jpg in Resources */ = {isa = PBXBuildFile; fileRef = 010BD7A018834849009896AC /* ios-pork@2x.jpg */; };
		010BD7A918834849009896AC /* ios-red-potatoes@2x.jpg in Resources */ = {isa = PBXBuildFile; fileRef = 010BD7A118834849009896AC /* ios-red-potatoes@2x.jpg */; };
		0115FD3517E3745300F75708 /* StripeCardsResponse.m in Sources */ = {isa = PBXBuildFile; fileRef = 0115FD3417E3745300F75708 /* StripeCardsResponse.m */; };
		01171098185FBFF5009173EC /* lakeview_pantry.jpg in Resources */ = {isa = PBXBuildFile; fileRef = 01171097185FBFF5009173EC /* lakeview_pantry.jpg */; };
		0117109A185FC0A0009173EC /* food_elgin.png in Resources */ = {isa = PBXBuildFile; fileRef = 01171099185FC0A0009173EC /* food_elgin.png */; };
		0117109D185FC0E1009173EC /* Charity.m in Sources */ = {isa = PBXBuildFile; fileRef = 0117109C185FC0E1009173EC /* Charity.m */; };
		0117109F185FC2C1009173EC /* location.plist in Resources */ = {isa = PBXBuildFile; fileRef = 0117109E185FC2C1009173EC /* location.plist */; };
		01191773172310370085CA7B /* MenuCell.m in Sources */ = {isa = PBXBuildFile; fileRef = 01191772172310370085CA7B /* MenuCell.m */; };
		01191776172326F80085CA7B /* MenuItemDetailsViewController.m in Sources */ = {isa = PBXBuildFile; fileRef = 01191775172326F80085CA7B /* MenuItemDetailsViewController.m */; };
		01193D4B1719EA5F007782B9 /* NutritionInformation.m in Sources */ = {isa = PBXBuildFile; fileRef = 01193D4A1719EA5F007782B9 /* NutritionInformation.m */; };
		011CEDF21706042300AE586E /* MenuViewController.m in Sources */ = {isa = PBXBuildFile; fileRef = 011CEDF11706042300AE586E /* MenuViewController.m */; };
		011CEDF51706260800AE586E /* Dish.m in Sources */ = {isa = PBXBuildFile; fileRef = 011CEDF41706260800AE586E /* Dish.m */; };
		0122254E179AEE2B0026922A /* MenuItem.m in Sources */ = {isa = PBXBuildFile; fileRef = 0122254D179AEE2B0026922A /* MenuItem.m */; };
		0122254F179AEE2B0026922A /* MenuItem.m in Sources */ = {isa = PBXBuildFile; fileRef = 0122254D179AEE2B0026922A /* MenuItem.m */; };
		01222552179AFA840026922A /* Constants.m in Sources */ = {isa = PBXBuildFile; fileRef = 01222551179AFA840026922A /* Constants.m */; };
		01222553179AFA840026922A /* Constants.m in Sources */ = {isa = PBXBuildFile; fileRef = 01222551179AFA840026922A /* Constants.m */; };
		01222556179AFD650026922A /* Order.m in Sources */ = {isa = PBXBuildFile; fileRef = 01222555179AFD650026922A /* Order.m */; };
		01222557179AFD650026922A /* Order.m in Sources */ = {isa = PBXBuildFile; fileRef = 01222555179AFD650026922A /* Order.m */; };
		0122255B179B16240026922A /* OrderTests.m in Sources */ = {isa = PBXBuildFile; fileRef = 0122255A179B16240026922A /* OrderTests.m */; };
		01307ADD18445BDD006F72FD /* DoRyteViewController.m in Sources */ = {isa = PBXBuildFile; fileRef = 01307ADC18445BDD006F72FD /* DoRyteViewController.m */; };
		0131E5E41837C32C00556178 /* Images.xcassets in Resources */ = {isa = PBXBuildFile; fileRef = 0131E5E31837C32C00556178 /* Images.xcassets */; };
		0131E5EC1837C91400556178 /* 120x120 white.png in Resources */ = {isa = PBXBuildFile; fileRef = 0131E5EB1837C91400556178 /* 120x120 white.png */; };
		0131E5F01837CBD100556178 /* food_vert@2x.png in Resources */ = {isa = PBXBuildFile; fileRef = 0131E5EF1837CBD100556178 /* food_vert@2x.png */; };
		0131E5F3183815F400556178 /* Location.m in Sources */ = {isa = PBXBuildFile; fileRef = 0131E5F2183815F400556178 /* Location.m */; };
		0131E5F718381CF900556178 /* LocationResult.m in Sources */ = {isa = PBXBuildFile; fileRef = 0131E5F618381CF900556178 /* LocationResult.m */; };
		0131E5FA183D87BA00556178 /* MenuResult.m in Sources */ = {isa = PBXBuildFile; fileRef = 0131E5F9183D87BA00556178 /* MenuResult.m */; };
		01350D3618243CCF00670D23 /* Default-568h@2x.png in Resources */ = {isa = PBXBuildFile; fileRef = 01350D3518243CCF00670D23 /* Default-568h@2x.png */; };
		01350D3A18243E3600670D23 /* Default@2x.png in Resources */ = {isa = PBXBuildFile; fileRef = 01350D3918243E3600670D23 /* Default@2x.png */; };
		013DE02F17CC1BC2004EFFF6 /* StripeCard.m in Sources */ = {isa = PBXBuildFile; fileRef = 013DE02E17CC1BC2004EFFF6 /* StripeCard.m */; };
		013DE03317CC3CF7004EFFF6 /* ParseClient.m in Sources */ = {isa = PBXBuildFile; fileRef = 013DE03217CC3CF7004EFFF6 /* ParseClient.m */; };
		0157B7A7186606210003E187 /* LaunchImage.png in Resources */ = {isa = PBXBuildFile; fileRef = 0157B7A6186606210003E187 /* LaunchImage.png */; };
		015BD300173EDA70008AB447 /* OrderSummaryViewController.m in Sources */ = {isa = PBXBuildFile; fileRef = 015BD2FF173EDA70008AB447 /* OrderSummaryViewController.m */; };
		015BD303173EDF8E008AB447 /* OrderSummaryCell.m in Sources */ = {isa = PBXBuildFile; fileRef = 015BD302173EDF8E008AB447 /* OrderSummaryCell.m */; };
		0165C5C91795D3AE00DA9C15 /* VenmoTouch.framework in Frameworks */ = {isa = PBXBuildFile; fileRef = 0165C5C81795D3AE00DA9C15 /* VenmoTouch.framework */; };
		0173747317DFEAE90090849A /* OrderItem.m in Sources */ = {isa = PBXBuildFile; fileRef = 0173747217DFEAE90090849A /* OrderItem.m */; };
		0176638316C05809003BBD47 /* UIKit.framework in Frameworks */ = {isa = PBXBuildFile; fileRef = 0176638216C05809003BBD47 /* UIKit.framework */; };
		0176638516C05809003BBD47 /* Foundation.framework in Frameworks */ = {isa = PBXBuildFile; fileRef = 0176638416C05809003BBD47 /* Foundation.framework */; settings = {ATTRIBUTES = (Weak, ); }; };
		0176638716C05809003BBD47 /* CoreGraphics.framework in Frameworks */ = {isa = PBXBuildFile; fileRef = 0176638616C05809003BBD47 /* CoreGraphics.framework */; };
		0176638D16C05809003BBD47 /* InfoPlist.strings in Resources */ = {isa = PBXBuildFile; fileRef = 0176638B16C05809003BBD47 /* InfoPlist.strings */; };
		0176638F16C05809003BBD47 /* main.m in Sources */ = {isa = PBXBuildFile; fileRef = 0176638E16C05809003BBD47 /* main.m */; };
		0176639316C05809003BBD47 /* RBAppDelegate.m in Sources */ = {isa = PBXBuildFile; fileRef = 0176639216C05809003BBD47 /* RBAppDelegate.m */; };
		0176639616C05809003BBD47 /* MainStoryboard.storyboard in Resources */ = {isa = PBXBuildFile; fileRef = 0176639416C05809003BBD47 /* MainStoryboard.storyboard */; };
		0176639916C05809003BBD47 /* EatRyteViewController.m in Sources */ = {isa = PBXBuildFile; fileRef = 0176639816C05809003BBD47 /* EatRyteViewController.m */; };
		017663A016C05809003BBD47 /* TabBarController.m in Sources */ = {isa = PBXBuildFile; fileRef = 0176639F16C05809003BBD47 /* TabBarController.m */; };
		017663AC16C05809003BBD47 /* SenTestingKit.framework in Frameworks */ = {isa = PBXBuildFile; fileRef = 017663AB16C05809003BBD47 /* SenTestingKit.framework */; };
		017663AD16C05809003BBD47 /* UIKit.framework in Frameworks */ = {isa = PBXBuildFile; fileRef = 0176638216C05809003BBD47 /* UIKit.framework */; };
		017663AE16C05809003BBD47 /* Foundation.framework in Frameworks */ = {isa = PBXBuildFile; fileRef = 0176638416C05809003BBD47 /* Foundation.framework */; };
		017663B616C05809003BBD47 /* InfoPlist.strings in Resources */ = {isa = PBXBuildFile; fileRef = 017663B416C05809003BBD47 /* InfoPlist.strings */; };
		017663B916C05809003BBD47 /* RyteBytesTests.m in Sources */ = {isa = PBXBuildFile; fileRef = 017663B816C05809003BBD47 /* RyteBytesTests.m */; };
		0177532C178241A200296315 /* CreateAccountViewController.m in Sources */ = {isa = PBXBuildFile; fileRef = 0177532B178241A200296315 /* CreateAccountViewController.m */; };
		0177533317826D1800296315 /* libCardIO.a in Frameworks */ = {isa = PBXBuildFile; fileRef = 0177533217826D1800296315 /* libCardIO.a */; };
		0177533717826DB300296315 /* AVFoundation.framework in Frameworks */ = {isa = PBXBuildFile; fileRef = 0177533617826DB300296315 /* AVFoundation.framework */; };
		0177533917826DC200296315 /* CoreMedia.framework in Frameworks */ = {isa = PBXBuildFile; fileRef = 0177533817826DC200296315 /* CoreMedia.framework */; };
		0177533B17826DCD00296315 /* CoreVideo.framework in Frameworks */ = {isa = PBXBuildFile; fileRef = 0177533A17826DCD00296315 /* CoreVideo.framework */; };
		0177533D17826DDD00296315 /* OpenGLES.framework in Frameworks */ = {isa = PBXBuildFile; fileRef = 0177533C17826DDD00296315 /* OpenGLES.framework */; };
		017BD2221858CEA3000634F4 /* menu.plist in Resources */ = {isa = PBXBuildFile; fileRef = 017BD2211858CEA3000634F4 /* menu.plist */; };
		017BD2251859156D000634F4 /* Menu.m in Sources */ = {isa = PBXBuildFile; fileRef = 017BD2241859156D000634F4 /* Menu.m */; };
		0192CC1A16C05FE50024815F /* Customer.m in Sources */ = {isa = PBXBuildFile; fileRef = 0192CC1916C05FE50024815F /* Customer.m */; };
		01A35DED1791BACC00DEBC46 /* OrderNotifications.m in Sources */ = {isa = PBXBuildFile; fileRef = 01A35DEC1791BACC00DEBC46 /* OrderNotifications.m */; };
		01AAA78C18456FC8002D7719 /* AccountSettingsViewController.m in Sources */ = {isa = PBXBuildFile; fileRef = 01AAA78B18456FC8002D7719 /* AccountSettingsViewController.m */; };
		01AAA79118457257002D7719 /* ChangeCreditCardViewController.m in Sources */ = {isa = PBXBuildFile; fileRef = 01AAA79018457257002D7719 /* ChangeCreditCardViewController.m */; };
		01AAA79418457264002D7719 /* ChangePickupLocationViewController.m in Sources */ = {isa = PBXBuildFile; fileRef = 01AAA79318457264002D7719 /* ChangePickupLocationViewController.m */; };
		01AAA7981845AF71002D7719 /* Pointer.m in Sources */ = {isa = PBXBuildFile; fileRef = 01AAA7971845AF71002D7719 /* Pointer.m */; };
		01AFAFCD1819C39900B2151A /* Logo@2x.png in Resources */ = {isa = PBXBuildFile; fileRef = 01AFAFCB1819C39900B2151A /* Logo@2x.png */; };
		01AFAFD1181B1D8800B2151A /* ThreeRowOrderingViewController.m in Sources */ = {isa = PBXBuildFile; fileRef = 01AFAFD0181B1D8800B2151A /* ThreeRowOrderingViewController.m */; };
		01C33BA91852ADA000263122 /* BeginLoginNavViewController.m in Sources */ = {isa = PBXBuildFile; fileRef = 01C33BA81852ADA000263122 /* BeginLoginNavViewController.m */; };
		01CD83C417B6AEBE001A19C5 /* StripeCustomer.m in Sources */ = {isa = PBXBuildFile; fileRef = 01CD83C317B6AEBE001A19C5 /* StripeCustomer.m */; };
		01CD83CB17B6B443001A19C5 /* StripeClient.m in Sources */ = {isa = PBXBuildFile; fileRef = 01CD83CA17B6B443001A19C5 /* StripeClient.m */; };
		01CD83CC17B6B443001A19C5 /* StripeClient.m in Sources */ = {isa = PBXBuildFile; fileRef = 01CD83CA17B6B443001A19C5 /* StripeClient.m */; };
		01CE5DBF1840019F006EB46D /* JSONResponseSerializerWithData.m in Sources */ = {isa = PBXBuildFile; fileRef = 01CE5DBE1840019F006EB46D /* JSONResponseSerializerWithData.m */; };
		01CE5DC2184003ED006EB46D /* StripeError.m in Sources */ = {isa = PBXBuildFile; fileRef = 01CE5DC1184003ED006EB46D /* StripeError.m */; };
		01CE5DC5184005E2006EB46D /* StripeErrorResponse.m in Sources */ = {isa = PBXBuildFile; fileRef = 01CE5DC4184005E2006EB46D /* StripeErrorResponse.m */; };
		01CF7F9D172C777D0072D714 /* FoodImage.m in Sources */ = {isa = PBXBuildFile; fileRef = 01CF7F9C172C777D0072D714 /* FoodImage.m */; };
		01DAC6CC177D024E00158C9B /* LoginViewController.m in Sources */ = {isa = PBXBuildFile; fileRef = 01DAC6CB177D024E00158C9B /* LoginViewController.m */; };
		1AA06C3B66104C16A72EEF95 /* libPods.a in Frameworks */ = {isa = PBXBuildFile; fileRef = 95BBADCDE86D49C2B2B65325 /* libPods.a */; };
/* End PBXBuildFile section */

/* Begin PBXContainerItemProxy section */
		017663AF16C05809003BBD47 /* PBXContainerItemProxy */ = {
			isa = PBXContainerItemProxy;
			containerPortal = 0176637516C05809003BBD47 /* Project object */;
			proxyType = 1;
			remoteGlobalIDString = 0176637D16C05809003BBD47;
			remoteInfo = RyteBytes;
		};
/* End PBXContainerItemProxy section */

/* Begin PBXFileReference section */
		0102520717B46B6F00BF1F3C /* STPCard.h */ = {isa = PBXFileReference; fileEncoding = 4; lastKnownFileType = sourcecode.c.h; path = STPCard.h; sourceTree = "<group>"; };
		0102520817B46B6F00BF1F3C /* STPCard.m */ = {isa = PBXFileReference; fileEncoding = 4; lastKnownFileType = sourcecode.c.objc; path = STPCard.m; sourceTree = "<group>"; };
		0102520917B46B6F00BF1F3C /* STPToken.h */ = {isa = PBXFileReference; fileEncoding = 4; lastKnownFileType = sourcecode.c.h; path = STPToken.h; sourceTree = "<group>"; };
		0102520A17B46B6F00BF1F3C /* STPToken.m */ = {isa = PBXFileReference; fileEncoding = 4; lastKnownFileType = sourcecode.c.objc; path = STPToken.m; sourceTree = "<group>"; };
		0102520B17B46B6F00BF1F3C /* STPView.h */ = {isa = PBXFileReference; fileEncoding = 4; lastKnownFileType = sourcecode.c.h; path = STPView.h; sourceTree = "<group>"; };
		0102520C17B46B6F00BF1F3C /* STPView.m */ = {isa = PBXFileReference; fileEncoding = 4; lastKnownFileType = sourcecode.c.objc; path = STPView.m; sourceTree = "<group>"; };
		0102520D17B46B6F00BF1F3C /* Stripe-Prefix.pch */ = {isa = PBXFileReference; fileEncoding = 4; lastKnownFileType = sourcecode.c.h; path = "Stripe-Prefix.pch"; sourceTree = "<group>"; };
		0102520E17B46B6F00BF1F3C /* Stripe.h */ = {isa = PBXFileReference; fileEncoding = 4; lastKnownFileType = sourcecode.c.h; path = Stripe.h; sourceTree = "<group>"; };
		0102520F17B46B6F00BF1F3C /* Stripe.m */ = {isa = PBXFileReference; fileEncoding = 4; lastKnownFileType = sourcecode.c.objc; path = Stripe.m; sourceTree = "<group>"; };
		0102521017B46B6F00BF1F3C /* StripeError.h */ = {isa = PBXFileReference; fileEncoding = 4; lastKnownFileType = sourcecode.c.h; path = StripeError.h; sourceTree = "<group>"; };
		0102521117B46B6F00BF1F3C /* StripeError.m */ = {isa = PBXFileReference; fileEncoding = 4; lastKnownFileType = sourcecode.c.objc; path = StripeError.m; sourceTree = "<group>"; };
		0102521417B46B6F00BF1F3C /* .gitignore */ = {isa = PBXFileReference; fileEncoding = 4; lastKnownFileType = text; path = .gitignore; sourceTree = "<group>"; };
		0102521517B46B6F00BF1F3C /* LICENSE */ = {isa = PBXFileReference; fileEncoding = 4; lastKnownFileType = text; path = LICENSE; sourceTree = "<group>"; };
		0102521717B46B6F00BF1F3C /* PKAddressZip.h */ = {isa = PBXFileReference; fileEncoding = 4; lastKnownFileType = sourcecode.c.h; path = PKAddressZip.h; sourceTree = "<group>"; };
		0102521817B46B6F00BF1F3C /* PKAddressZip.m */ = {isa = PBXFileReference; fileEncoding = 4; lastKnownFileType = sourcecode.c.objc; path = PKAddressZip.m; sourceTree = "<group>"; };
		0102521917B46B6F00BF1F3C /* PKCard.h */ = {isa = PBXFileReference; fileEncoding = 4; lastKnownFileType = sourcecode.c.h; path = PKCard.h; sourceTree = "<group>"; };
		0102521A17B46B6F00BF1F3C /* PKCard.m */ = {isa = PBXFileReference; fileEncoding = 4; lastKnownFileType = sourcecode.c.objc; path = PKCard.m; sourceTree = "<group>"; };
		0102521B17B46B6F00BF1F3C /* PKCardCVC.h */ = {isa = PBXFileReference; fileEncoding = 4; lastKnownFileType = sourcecode.c.h; path = PKCardCVC.h; sourceTree = "<group>"; };
		0102521C17B46B6F00BF1F3C /* PKCardCVC.m */ = {isa = PBXFileReference; fileEncoding = 4; lastKnownFileType = sourcecode.c.objc; path = PKCardCVC.m; sourceTree = "<group>"; };
		0102521D17B46B6F00BF1F3C /* PKCardExpiry.h */ = {isa = PBXFileReference; fileEncoding = 4; lastKnownFileType = sourcecode.c.h; path = PKCardExpiry.h; sourceTree = "<group>"; };
		0102521E17B46B6F00BF1F3C /* PKCardExpiry.m */ = {isa = PBXFileReference; fileEncoding = 4; lastKnownFileType = sourcecode.c.objc; path = PKCardExpiry.m; sourceTree = "<group>"; };
		0102521F17B46B6F00BF1F3C /* PKCardNumber.h */ = {isa = PBXFileReference; fileEncoding = 4; lastKnownFileType = sourcecode.c.h; path = PKCardNumber.h; sourceTree = "<group>"; };
		0102522017B46B6F00BF1F3C /* PKCardNumber.m */ = {isa = PBXFileReference; fileEncoding = 4; lastKnownFileType = sourcecode.c.objc; path = PKCardNumber.m; sourceTree = "<group>"; };
		0102522117B46B6F00BF1F3C /* PKCardType.h */ = {isa = PBXFileReference; fileEncoding = 4; lastKnownFileType = sourcecode.c.h; path = PKCardType.h; sourceTree = "<group>"; };
		0102522217B46B6F00BF1F3C /* PKTextField.h */ = {isa = PBXFileReference; fileEncoding = 4; lastKnownFileType = sourcecode.c.h; path = PKTextField.h; sourceTree = "<group>"; };
		0102522317B46B6F00BF1F3C /* PKTextField.m */ = {isa = PBXFileReference; fileEncoding = 4; lastKnownFileType = sourcecode.c.objc; path = PKTextField.m; sourceTree = "<group>"; };
		0102522417B46B6F00BF1F3C /* PKUSAddressZip.h */ = {isa = PBXFileReference; fileEncoding = 4; lastKnownFileType = sourcecode.c.h; path = PKUSAddressZip.h; sourceTree = "<group>"; };
		0102522517B46B6F00BF1F3C /* PKUSAddressZip.m */ = {isa = PBXFileReference; fileEncoding = 4; lastKnownFileType = sourcecode.c.objc; path = PKUSAddressZip.m; sourceTree = "<group>"; };
		0102522617B46B6F00BF1F3C /* PKView.h */ = {isa = PBXFileReference; fileEncoding = 4; lastKnownFileType = sourcecode.c.h; path = PKView.h; sourceTree = "<group>"; };
		0102522717B46B6F00BF1F3C /* PKView.m */ = {isa = PBXFileReference; fileEncoding = 4; lastKnownFileType = sourcecode.c.objc; path = PKView.m; sourceTree = "<group>"; };
		0102522A17B46B6F00BF1F3C /* amex.png */ = {isa = PBXFileReference; lastKnownFileType = image.png; path = amex.png; sourceTree = "<group>"; };
		0102522B17B46B6F00BF1F3C /* amex@2x.png */ = {isa = PBXFileReference; lastKnownFileType = image.png; path = "amex@2x.png"; sourceTree = "<group>"; };
		0102522C17B46B6F00BF1F3C /* cvc-amex.png */ = {isa = PBXFileReference; lastKnownFileType = image.png; path = "cvc-amex.png"; sourceTree = "<group>"; };
		0102522D17B46B6F00BF1F3C /* cvc-amex@2x.png */ = {isa = PBXFileReference; lastKnownFileType = image.png; path = "cvc-amex@2x.png"; sourceTree = "<group>"; };
		0102522E17B46B6F00BF1F3C /* cvc.png */ = {isa = PBXFileReference; lastKnownFileType = image.png; path = cvc.png; sourceTree = "<group>"; };
		0102522F17B46B6F00BF1F3C /* cvc@2x.png */ = {isa = PBXFileReference; lastKnownFileType = image.png; path = "cvc@2x.png"; sourceTree = "<group>"; };
		0102523017B46B6F00BF1F3C /* diners.png */ = {isa = PBXFileReference; lastKnownFileType = image.png; path = diners.png; sourceTree = "<group>"; };
		0102523117B46B6F00BF1F3C /* diners@2x.png */ = {isa = PBXFileReference; lastKnownFileType = image.png; path = "diners@2x.png"; sourceTree = "<group>"; };
		0102523217B46B6F00BF1F3C /* discover.png */ = {isa = PBXFileReference; lastKnownFileType = image.png; path = discover.png; sourceTree = "<group>"; };
		0102523317B46B6F00BF1F3C /* discover@2x.png */ = {isa = PBXFileReference; lastKnownFileType = image.png; path = "discover@2x.png"; sourceTree = "<group>"; };
		0102523417B46B6F00BF1F3C /* jcb.png */ = {isa = PBXFileReference; lastKnownFileType = image.png; path = jcb.png; sourceTree = "<group>"; };
		0102523517B46B6F00BF1F3C /* jcb@2x.png */ = {isa = PBXFileReference; lastKnownFileType = image.png; path = "jcb@2x.png"; sourceTree = "<group>"; };
		0102523617B46B6F00BF1F3C /* mastercard.png */ = {isa = PBXFileReference; lastKnownFileType = image.png; path = mastercard.png; sourceTree = "<group>"; };
		0102523717B46B6F00BF1F3C /* mastercard@2x.png */ = {isa = PBXFileReference; lastKnownFileType = image.png; path = "mastercard@2x.png"; sourceTree = "<group>"; };
		0102523817B46B6F00BF1F3C /* placeholder.png */ = {isa = PBXFileReference; lastKnownFileType = image.png; path = placeholder.png; sourceTree = "<group>"; };
		0102523917B46B6F00BF1F3C /* placeholder@2x.png */ = {isa = PBXFileReference; lastKnownFileType = image.png; path = "placeholder@2x.png"; sourceTree = "<group>"; };
		0102523A17B46B6F00BF1F3C /* visa.png */ = {isa = PBXFileReference; lastKnownFileType = image.png; path = visa.png; sourceTree = "<group>"; };
		0102523B17B46B6F00BF1F3C /* visa@2x.png */ = {isa = PBXFileReference; lastKnownFileType = image.png; path = "visa@2x.png"; sourceTree = "<group>"; };
		0102523C17B46B6F00BF1F3C /* gradient@2x.png */ = {isa = PBXFileReference; lastKnownFileType = image.png; path = "gradient@2x.png"; sourceTree = "<group>"; };
		0102523D17B46B6F00BF1F3C /* textfield.png */ = {isa = PBXFileReference; lastKnownFileType = image.png; path = textfield.png; sourceTree = "<group>"; };
		0102523E17B46B6F00BF1F3C /* textfield@2x.png */ = {isa = PBXFileReference; lastKnownFileType = image.png; path = "textfield@2x.png"; sourceTree = "<group>"; };
		0102526217B46B6F00BF1F3C /* PaymentKit.podspec */ = {isa = PBXFileReference; fileEncoding = 4; lastKnownFileType = text; path = PaymentKit.podspec; sourceTree = "<group>"; };
		0102526317B46B6F00BF1F3C /* README.md */ = {isa = PBXFileReference; fileEncoding = 4; lastKnownFileType = text; path = README.md; sourceTree = "<group>"; };
		0109FC65177600C1008E5A66 /* Parse.framework */ = {isa = PBXFileReference; lastKnownFileType = wrapper.framework; path = Parse.framework; sourceTree = "<group>"; };
		0109FC6717760102008E5A66 /* AudioToolbox.framework */ = {isa = PBXFileReference; lastKnownFileType = wrapper.framework; name = AudioToolbox.framework; path = System/Library/Frameworks/AudioToolbox.framework; sourceTree = SDKROOT; };
		0109FC6917760109008E5A66 /* CFNetwork.framework */ = {isa = PBXFileReference; lastKnownFileType = wrapper.framework; name = CFNetwork.framework; path = System/Library/Frameworks/CFNetwork.framework; sourceTree = SDKROOT; };
		0109FC6B17760115008E5A66 /* CoreLocation.framework */ = {isa = PBXFileReference; lastKnownFileType = wrapper.framework; name = CoreLocation.framework; path = System/Library/Frameworks/CoreLocation.framework; sourceTree = SDKROOT; };
		0109FC6D1776011C008E5A66 /* libz.1.1.3.dylib */ = {isa = PBXFileReference; lastKnownFileType = "compiled.mach-o.dylib"; name = libz.1.1.3.dylib; path = usr/lib/libz.1.1.3.dylib; sourceTree = SDKROOT; };
		0109FC6F17760124008E5A66 /* MobileCoreServices.framework */ = {isa = PBXFileReference; lastKnownFileType = wrapper.framework; name = MobileCoreServices.framework; path = System/Library/Frameworks/MobileCoreServices.framework; sourceTree = SDKROOT; };
		0109FC711776012B008E5A66 /* QuartzCore.framework */ = {isa = PBXFileReference; lastKnownFileType = wrapper.framework; name = QuartzCore.framework; path = System/Library/Frameworks/QuartzCore.framework; sourceTree = SDKROOT; };
		0109FC7317760133008E5A66 /* Security.framework */ = {isa = PBXFileReference; lastKnownFileType = wrapper.framework; name = Security.framework; path = System/Library/Frameworks/Security.framework; sourceTree = SDKROOT; };
		0109FC751776013A008E5A66 /* StoreKit.framework */ = {isa = PBXFileReference; lastKnownFileType = wrapper.framework; name = StoreKit.framework; path = System/Library/Frameworks/StoreKit.framework; sourceTree = SDKROOT; };
		0109FC7717760140008E5A66 /* SystemConfiguration.framework */ = {isa = PBXFileReference; lastKnownFileType = wrapper.framework; name = SystemConfiguration.framework; path = System/Library/Frameworks/SystemConfiguration.framework; sourceTree = SDKROOT; };
		0109FC791776053E008E5A66 /* CreateOrLoginViewController.h */ = {isa = PBXFileReference; fileEncoding = 4; lastKnownFileType = sourcecode.c.h; path = CreateOrLoginViewController.h; sourceTree = "<group>"; };
		0109FC7A1776053E008E5A66 /* CreateOrLoginViewController.m */ = {isa = PBXFileReference; fileEncoding = 4; lastKnownFileType = sourcecode.c.objc; path = CreateOrLoginViewController.m; sourceTree = "<group>"; };
		010BD74B187B62A9009896AC /* LocationItemResult.h */ = {isa = PBXFileReference; fileEncoding = 4; lastKnownFileType = sourcecode.c.h; path = LocationItemResult.h; sourceTree = "<group>"; };
		010BD74C187B62A9009896AC /* LocationItemResult.m */ = {isa = PBXFileReference; fileEncoding = 4; lastKnownFileType = sourcecode.c.objc; path = LocationItemResult.m; sourceTree = "<group>"; };
		010BD74E187B62C3009896AC /* LocationItem.h */ = {isa = PBXFileReference; fileEncoding = 4; lastKnownFileType = sourcecode.c.h; path = LocationItem.h; sourceTree = "<group>"; };
		010BD74F187B62C3009896AC /* LocationItem.m */ = {isa = PBXFileReference; fileEncoding = 4; lastKnownFileType = sourcecode.c.objc; path = LocationItem.m; sourceTree = "<group>"; };
		010BD759187CAE48009896AC /* fire@2x.png */ = {isa = PBXFileReference; lastKnownFileType = image.png; path = "fire@2x.png"; sourceTree = "<group>"; };
		010BD75B187CAF94009896AC /* cog@2x.png */ = {isa = PBXFileReference; lastKnownFileType = image.png; path = "cog@2x.png"; sourceTree = "<group>"; };
		010BD75C187CAF94009896AC /* coin@2x.png */ = {isa = PBXFileReference; lastKnownFileType = image.png; path = "coin@2x.png"; sourceTree = "<group>"; };
		010BD75D187CAF94009896AC /* food@2x.png */ = {isa = PBXFileReference; lastKnownFileType = image.png; path = "food@2x.png"; sourceTree = "<group>"; };
		010BD762187DBF3C009896AC /* CloudinaryClient.h */ = {isa = PBXFileReference; fileEncoding = 4; lastKnownFileType = sourcecode.c.h; path = CloudinaryClient.h; sourceTree = "<group>"; };
		010BD763187DBF3C009896AC /* CloudinaryClient.m */ = {isa = PBXFileReference; fileEncoding = 4; lastKnownFileType = sourcecode.c.objc; path = CloudinaryClient.m; sourceTree = "<group>"; };
		010BD76A187F4CA9009896AC /* MenuCellNameLabel.h */ = {isa = PBXFileReference; fileEncoding = 4; lastKnownFileType = sourcecode.c.h; path = MenuCellNameLabel.h; sourceTree = "<group>"; };
		010BD76B187F4CA9009896AC /* MenuCellNameLabel.m */ = {isa = PBXFileReference; fileEncoding = 4; lastKnownFileType = sourcecode.c.objc; path = MenuCellNameLabel.m; sourceTree = "<group>"; };
		010BD76D1880A1E7009896AC /* ImageIO.framework */ = {isa = PBXFileReference; lastKnownFileType = wrapper.framework; name = ImageIO.framework; path = System/Library/Frameworks/ImageIO.framework; sourceTree = SDKROOT; };
		010BD76F1880B1CE009896AC /* FBMissingSymbols.h */ = {isa = PBXFileReference; fileEncoding = 4; lastKnownFileType = sourcecode.c.h; path = FBMissingSymbols.h; sourceTree = "<group>"; };
		010BD7701880B1CE009896AC /* FBMissingSymbols.m */ = {isa = PBXFileReference; fileEncoding = 4; lastKnownFileType = sourcecode.c.objc; path = FBMissingSymbols.m; sourceTree = "<group>"; };
		010BD79A18834849009896AC /* ios-beets-carrots@2x.jpg */ = {isa = PBXFileReference; lastKnownFileType = image.jpeg; path = "ios-beets-carrots@2x.jpg"; sourceTree = "<group>"; };
		010BD79B18834849009896AC /* ios-beets-turnips@2x.jpg */ = {isa = PBXFileReference; lastKnownFileType = image.jpeg; path = "ios-beets-turnips@2x.jpg"; sourceTree = "<group>"; };
		010BD79C18834849009896AC /* ios-cauli@2x.jpg */ = {isa = PBXFileReference; lastKnownFileType = image.jpeg; path = "ios-cauli@2x.jpg"; sourceTree = "<group>"; };
		010BD79D18834849009896AC /* ios-chicken@2x.jpg */ = {isa = PBXFileReference; lastKnownFileType = image.jpeg; path = "ios-chicken@2x.jpg"; sourceTree = "<group>"; };
		010BD79E18834849009896AC /* ios-pasta@2x.jpg */ = {isa = PBXFileReference; lastKnownFileType = image.jpeg; path = "ios-pasta@2x.jpg"; sourceTree = "<group>"; };
		010BD79F18834849009896AC /* ios-pilaf@2x.jpg */ = {isa = PBXFileReference; lastKnownFileType = image.jpeg; path = "ios-pilaf@2x.jpg"; sourceTree = "<group>"; };
		010BD7A018834849009896AC /* ios-pork@2x.jpg */ = {isa = PBXFileReference; lastKnownFileType = image.jpeg; path = "ios-pork@2x.jpg"; sourceTree = "<group>"; };
		010BD7A118834849009896AC /* ios-red-potatoes@2x.jpg */ = {isa = PBXFileReference; lastKnownFileType = image.jpeg; path = "ios-red-potatoes@2x.jpg"; sourceTree = "<group>"; };
		0115FD3317E3745300F75708 /* StripeCardsResponse.h */ = {isa = PBXFileReference; fileEncoding = 4; lastKnownFileType = sourcecode.c.h; path = StripeCardsResponse.h; sourceTree = "<group>"; };
		0115FD3417E3745300F75708 /* StripeCardsResponse.m */ = {isa = PBXFileReference; fileEncoding = 4; lastKnownFileType = sourcecode.c.objc; path = StripeCardsResponse.m; sourceTree = "<group>"; };
		01171097185FBFF5009173EC /* lakeview_pantry.jpg */ = {isa = PBXFileReference; lastKnownFileType = image.jpeg; path = lakeview_pantry.jpg; sourceTree = "<group>"; };
		01171099185FC0A0009173EC /* food_elgin.png */ = {isa = PBXFileReference; lastKnownFileType = image.png; path = food_elgin.png; sourceTree = "<group>"; };
		0117109B185FC0E1009173EC /* Charity.h */ = {isa = PBXFileReference; fileEncoding = 4; lastKnownFileType = sourcecode.c.h; path = Charity.h; sourceTree = "<group>"; };
		0117109C185FC0E1009173EC /* Charity.m */ = {isa = PBXFileReference; fileEncoding = 4; lastKnownFileType = sourcecode.c.objc; path = Charity.m; sourceTree = "<group>"; };
		0117109E185FC2C1009173EC /* location.plist */ = {isa = PBXFileReference; fileEncoding = 4; lastKnownFileType = text.plist.xml; path = location.plist; sourceTree = "<group>"; };
		01191771172310370085CA7B /* MenuCell.h */ = {isa = PBXFileReference; fileEncoding = 4; lastKnownFileType = sourcecode.c.h; path = MenuCell.h; sourceTree = "<group>"; };
		01191772172310370085CA7B /* MenuCell.m */ = {isa = PBXFileReference; fileEncoding = 4; lastKnownFileType = sourcecode.c.objc; path = MenuCell.m; sourceTree = "<group>"; };
		01191774172326F80085CA7B /* MenuItemDetailsViewController.h */ = {isa = PBXFileReference; fileEncoding = 4; lastKnownFileType = sourcecode.c.h; path = MenuItemDetailsViewController.h; sourceTree = "<group>"; };
		01191775172326F80085CA7B /* MenuItemDetailsViewController.m */ = {isa = PBXFileReference; fileEncoding = 4; lastKnownFileType = sourcecode.c.objc; path = MenuItemDetailsViewController.m; sourceTree = "<group>"; };
		01193D491719EA5F007782B9 /* NutritionInformation.h */ = {isa = PBXFileReference; fileEncoding = 4; lastKnownFileType = sourcecode.c.h; path = NutritionInformation.h; sourceTree = "<group>"; };
		01193D4A1719EA5F007782B9 /* NutritionInformation.m */ = {isa = PBXFileReference; fileEncoding = 4; lastKnownFileType = sourcecode.c.objc; path = NutritionInformation.m; sourceTree = "<group>"; };
		011CEDF01706042300AE586E /* MenuViewController.h */ = {isa = PBXFileReference; fileEncoding = 4; lastKnownFileType = sourcecode.c.h; path = MenuViewController.h; sourceTree = "<group>"; };
		011CEDF11706042300AE586E /* MenuViewController.m */ = {isa = PBXFileReference; fileEncoding = 4; lastKnownFileType = sourcecode.c.objc; path = MenuViewController.m; sourceTree = "<group>"; };
		011CEDF31706260800AE586E /* Dish.h */ = {isa = PBXFileReference; fileEncoding = 4; lastKnownFileType = sourcecode.c.h; path = Dish.h; sourceTree = "<group>"; };
		011CEDF41706260800AE586E /* Dish.m */ = {isa = PBXFileReference; fileEncoding = 4; lastKnownFileType = sourcecode.c.objc; path = Dish.m; sourceTree = "<group>"; };
		0122254C179AEE2B0026922A /* MenuItem.h */ = {isa = PBXFileReference; fileEncoding = 4; lastKnownFileType = sourcecode.c.h; path = MenuItem.h; sourceTree = "<group>"; };
		0122254D179AEE2B0026922A /* MenuItem.m */ = {isa = PBXFileReference; fileEncoding = 4; lastKnownFileType = sourcecode.c.objc; path = MenuItem.m; sourceTree = "<group>"; };
		01222550179AFA830026922A /* Constants.h */ = {isa = PBXFileReference; fileEncoding = 4; lastKnownFileType = sourcecode.c.h; path = Constants.h; sourceTree = "<group>"; };
		01222551179AFA840026922A /* Constants.m */ = {isa = PBXFileReference; fileEncoding = 4; lastKnownFileType = sourcecode.c.objc; path = Constants.m; sourceTree = "<group>"; };
		01222554179AFD650026922A /* Order.h */ = {isa = PBXFileReference; fileEncoding = 4; lastKnownFileType = sourcecode.c.h; path = Order.h; sourceTree = "<group>"; };
		01222555179AFD650026922A /* Order.m */ = {isa = PBXFileReference; fileEncoding = 4; lastKnownFileType = sourcecode.c.objc; path = Order.m; sourceTree = "<group>"; };
		01222559179B16240026922A /* OrderTests.h */ = {isa = PBXFileReference; fileEncoding = 4; lastKnownFileType = sourcecode.c.h; path = OrderTests.h; sourceTree = "<group>"; };
		0122255A179B16240026922A /* OrderTests.m */ = {isa = PBXFileReference; fileEncoding = 4; lastKnownFileType = sourcecode.c.objc; path = OrderTests.m; sourceTree = "<group>"; };
		01307ADB18445BDD006F72FD /* DoRyteViewController.h */ = {isa = PBXFileReference; fileEncoding = 4; lastKnownFileType = sourcecode.c.h; path = DoRyteViewController.h; sourceTree = "<group>"; };
		01307ADC18445BDD006F72FD /* DoRyteViewController.m */ = {isa = PBXFileReference; fileEncoding = 4; lastKnownFileType = sourcecode.c.objc; path = DoRyteViewController.m; sourceTree = "<group>"; };
		0131E5E31837C32C00556178 /* Images.xcassets */ = {isa = PBXFileReference; lastKnownFileType = folder.assetcatalog; path = Images.xcassets; sourceTree = "<group>"; };
		0131E5EB1837C91400556178 /* 120x120 white.png */ = {isa = PBXFileReference; lastKnownFileType = image.png; path = "120x120 white.png"; sourceTree = "<group>"; };
		0131E5EF1837CBD100556178 /* food_vert@2x.png */ = {isa = PBXFileReference; lastKnownFileType = image.png; path = "food_vert@2x.png"; sourceTree = "<group>"; };
		0131E5F1183815F400556178 /* Location.h */ = {isa = PBXFileReference; fileEncoding = 4; lastKnownFileType = sourcecode.c.h; path = Location.h; sourceTree = "<group>"; };
		0131E5F2183815F400556178 /* Location.m */ = {isa = PBXFileReference; fileEncoding = 4; lastKnownFileType = sourcecode.c.objc; path = Location.m; sourceTree = "<group>"; };
		0131E5F518381CF900556178 /* LocationResult.h */ = {isa = PBXFileReference; fileEncoding = 4; lastKnownFileType = sourcecode.c.h; path = LocationResult.h; sourceTree = "<group>"; };
		0131E5F618381CF900556178 /* LocationResult.m */ = {isa = PBXFileReference; fileEncoding = 4; lastKnownFileType = sourcecode.c.objc; path = LocationResult.m; sourceTree = "<group>"; };
		0131E5F8183D87BA00556178 /* MenuResult.h */ = {isa = PBXFileReference; fileEncoding = 4; lastKnownFileType = sourcecode.c.h; path = MenuResult.h; sourceTree = "<group>"; };
		0131E5F9183D87BA00556178 /* MenuResult.m */ = {isa = PBXFileReference; fileEncoding = 4; lastKnownFileType = sourcecode.c.objc; path = MenuResult.m; sourceTree = "<group>"; };
		01350D3518243CCF00670D23 /* Default-568h@2x.png */ = {isa = PBXFileReference; lastKnownFileType = image.png; path = "Default-568h@2x.png"; sourceTree = "<group>"; };
		01350D3918243E3600670D23 /* Default@2x.png */ = {isa = PBXFileReference; lastKnownFileType = image.png; path = "Default@2x.png"; sourceTree = "<group>"; };
		013DE02D17CC1BC2004EFFF6 /* StripeCard.h */ = {isa = PBXFileReference; fileEncoding = 4; lastKnownFileType = sourcecode.c.h; path = StripeCard.h; sourceTree = "<group>"; };
		013DE02E17CC1BC2004EFFF6 /* StripeCard.m */ = {isa = PBXFileReference; fileEncoding = 4; lastKnownFileType = sourcecode.c.objc; path = StripeCard.m; sourceTree = "<group>"; };
		013DE03117CC3CF7004EFFF6 /* ParseClient.h */ = {isa = PBXFileReference; fileEncoding = 4; lastKnownFileType = sourcecode.c.h; path = ParseClient.h; sourceTree = "<group>"; };
		013DE03217CC3CF7004EFFF6 /* ParseClient.m */ = {isa = PBXFileReference; fileEncoding = 4; lastKnownFileType = sourcecode.c.objc; path = ParseClient.m; sourceTree = "<group>"; };
		0157B7A6186606210003E187 /* LaunchImage.png */ = {isa = PBXFileReference; lastKnownFileType = image.png; path = LaunchImage.png; sourceTree = "<group>"; };
		015BD2FE173EDA70008AB447 /* OrderSummaryViewController.h */ = {isa = PBXFileReference; fileEncoding = 4; lastKnownFileType = sourcecode.c.h; path = OrderSummaryViewController.h; sourceTree = "<group>"; };
		015BD2FF173EDA70008AB447 /* OrderSummaryViewController.m */ = {isa = PBXFileReference; fileEncoding = 4; lastKnownFileType = sourcecode.c.objc; path = OrderSummaryViewController.m; sourceTree = "<group>"; };
		015BD301173EDF8E008AB447 /* OrderSummaryCell.h */ = {isa = PBXFileReference; fileEncoding = 4; lastKnownFileType = sourcecode.c.h; path = OrderSummaryCell.h; sourceTree = "<group>"; };
		015BD302173EDF8E008AB447 /* OrderSummaryCell.m */ = {isa = PBXFileReference; fileEncoding = 4; lastKnownFileType = sourcecode.c.objc; path = OrderSummaryCell.m; sourceTree = "<group>"; };
		0165C5C81795D3AE00DA9C15 /* VenmoTouch.framework */ = {isa = PBXFileReference; lastKnownFileType = wrapper.framework; path = VenmoTouch.framework; sourceTree = "<group>"; };
		0173747117DFEAE90090849A /* OrderItem.h */ = {isa = PBXFileReference; fileEncoding = 4; lastKnownFileType = sourcecode.c.h; path = OrderItem.h; sourceTree = "<group>"; };
		0173747217DFEAE90090849A /* OrderItem.m */ = {isa = PBXFileReference; fileEncoding = 4; lastKnownFileType = sourcecode.c.objc; path = OrderItem.m; sourceTree = "<group>"; };
		0176637E16C05809003BBD47 /* RyteBytes.app */ = {isa = PBXFileReference; explicitFileType = wrapper.application; includeInIndex = 0; path = RyteBytes.app; sourceTree = BUILT_PRODUCTS_DIR; };
		0176638216C05809003BBD47 /* UIKit.framework */ = {isa = PBXFileReference; lastKnownFileType = wrapper.framework; name = UIKit.framework; path = System/Library/Frameworks/UIKit.framework; sourceTree = SDKROOT; };
		0176638416C05809003BBD47 /* Foundation.framework */ = {isa = PBXFileReference; lastKnownFileType = wrapper.framework; name = Foundation.framework; path = System/Library/Frameworks/Foundation.framework; sourceTree = SDKROOT; };
		0176638616C05809003BBD47 /* CoreGraphics.framework */ = {isa = PBXFileReference; lastKnownFileType = wrapper.framework; name = CoreGraphics.framework; path = System/Library/Frameworks/CoreGraphics.framework; sourceTree = SDKROOT; };
		0176638A16C05809003BBD47 /* RyteBytes-Info.plist */ = {isa = PBXFileReference; lastKnownFileType = text.plist.xml; path = "RyteBytes-Info.plist"; sourceTree = "<group>"; };
		0176638C16C05809003BBD47 /* en */ = {isa = PBXFileReference; lastKnownFileType = text.plist.strings; name = en; path = en.lproj/InfoPlist.strings; sourceTree = "<group>"; };
		0176638E16C05809003BBD47 /* main.m */ = {isa = PBXFileReference; lastKnownFileType = sourcecode.c.objc; path = main.m; sourceTree = "<group>"; };
		0176639016C05809003BBD47 /* RyteBytes-Prefix.pch */ = {isa = PBXFileReference; lastKnownFileType = sourcecode.c.h; path = "RyteBytes-Prefix.pch"; sourceTree = "<group>"; };
		0176639116C05809003BBD47 /* RBAppDelegate.h */ = {isa = PBXFileReference; lastKnownFileType = sourcecode.c.h; path = RBAppDelegate.h; sourceTree = "<group>"; };
		0176639216C05809003BBD47 /* RBAppDelegate.m */ = {isa = PBXFileReference; lastKnownFileType = sourcecode.c.objc; path = RBAppDelegate.m; sourceTree = "<group>"; };
		0176639516C05809003BBD47 /* en */ = {isa = PBXFileReference; lastKnownFileType = file.storyboard; name = en; path = en.lproj/MainStoryboard.storyboard; sourceTree = "<group>"; };
		0176639716C05809003BBD47 /* EatRyteViewController.h */ = {isa = PBXFileReference; lastKnownFileType = sourcecode.c.h; path = EatRyteViewController.h; sourceTree = "<group>"; };
		0176639816C05809003BBD47 /* EatRyteViewController.m */ = {isa = PBXFileReference; lastKnownFileType = sourcecode.c.objc; path = EatRyteViewController.m; sourceTree = "<group>"; };
		0176639E16C05809003BBD47 /* TabBarController.h */ = {isa = PBXFileReference; lastKnownFileType = sourcecode.c.h; path = TabBarController.h; sourceTree = "<group>"; };
		0176639F16C05809003BBD47 /* TabBarController.m */ = {isa = PBXFileReference; lastKnownFileType = sourcecode.c.objc; path = TabBarController.m; sourceTree = "<group>"; };
		017663AA16C05809003BBD47 /* RyteBytesTests.octest */ = {isa = PBXFileReference; explicitFileType = wrapper.cfbundle; includeInIndex = 0; path = RyteBytesTests.octest; sourceTree = BUILT_PRODUCTS_DIR; };
		017663AB16C05809003BBD47 /* SenTestingKit.framework */ = {isa = PBXFileReference; lastKnownFileType = wrapper.framework; name = SenTestingKit.framework; path = Library/Frameworks/SenTestingKit.framework; sourceTree = DEVELOPER_DIR; };
		017663B316C05809003BBD47 /* RyteBytesTests-Info.plist */ = {isa = PBXFileReference; lastKnownFileType = text.plist.xml; path = "RyteBytesTests-Info.plist"; sourceTree = "<group>"; };
		017663B516C05809003BBD47 /* en */ = {isa = PBXFileReference; lastKnownFileType = text.plist.strings; name = en; path = en.lproj/InfoPlist.strings; sourceTree = "<group>"; };
		017663B716C05809003BBD47 /* RyteBytesTests.h */ = {isa = PBXFileReference; lastKnownFileType = sourcecode.c.h; path = RyteBytesTests.h; sourceTree = "<group>"; };
		017663B816C05809003BBD47 /* RyteBytesTests.m */ = {isa = PBXFileReference; lastKnownFileType = sourcecode.c.objc; path = RyteBytesTests.m; sourceTree = "<group>"; };
		0177532A178241A200296315 /* CreateAccountViewController.h */ = {isa = PBXFileReference; fileEncoding = 4; lastKnownFileType = sourcecode.c.h; path = CreateAccountViewController.h; sourceTree = "<group>"; };
		0177532B178241A200296315 /* CreateAccountViewController.m */ = {isa = PBXFileReference; fileEncoding = 4; lastKnownFileType = sourcecode.c.objc; path = CreateAccountViewController.m; sourceTree = "<group>"; };
		0177532E17826D1800296315 /* CardIO.h */ = {isa = PBXFileReference; fileEncoding = 4; lastKnownFileType = sourcecode.c.h; path = CardIO.h; sourceTree = "<group>"; };
		0177532F17826D1800296315 /* CardIOCreditCardInfo.h */ = {isa = PBXFileReference; fileEncoding = 4; lastKnownFileType = sourcecode.c.h; path = CardIOCreditCardInfo.h; sourceTree = "<group>"; };
		0177533017826D1800296315 /* CardIOPaymentViewController.h */ = {isa = PBXFileReference; fileEncoding = 4; lastKnownFileType = sourcecode.c.h; path = CardIOPaymentViewController.h; sourceTree = "<group>"; };
		0177533117826D1800296315 /* CardIOPaymentViewControllerDelegate.h */ = {isa = PBXFileReference; fileEncoding = 4; lastKnownFileType = sourcecode.c.h; path = CardIOPaymentViewControllerDelegate.h; sourceTree = "<group>"; };
		0177533217826D1800296315 /* libCardIO.a */ = {isa = PBXFileReference; lastKnownFileType = archive.ar; path = libCardIO.a; sourceTree = "<group>"; };
		0177533617826DB300296315 /* AVFoundation.framework */ = {isa = PBXFileReference; lastKnownFileType = wrapper.framework; name = AVFoundation.framework; path = System/Library/Frameworks/AVFoundation.framework; sourceTree = SDKROOT; };
		0177533817826DC200296315 /* CoreMedia.framework */ = {isa = PBXFileReference; lastKnownFileType = wrapper.framework; name = CoreMedia.framework; path = System/Library/Frameworks/CoreMedia.framework; sourceTree = SDKROOT; };
		0177533A17826DCD00296315 /* CoreVideo.framework */ = {isa = PBXFileReference; lastKnownFileType = wrapper.framework; name = CoreVideo.framework; path = System/Library/Frameworks/CoreVideo.framework; sourceTree = SDKROOT; };
		0177533C17826DDD00296315 /* OpenGLES.framework */ = {isa = PBXFileReference; lastKnownFileType = wrapper.framework; name = OpenGLES.framework; path = System/Library/Frameworks/OpenGLES.framework; sourceTree = SDKROOT; };
		017BD2211858CEA3000634F4 /* menu.plist */ = {isa = PBXFileReference; fileEncoding = 4; lastKnownFileType = text.plist.xml; path = menu.plist; sourceTree = "<group>"; };
		017BD2231859156D000634F4 /* Menu.h */ = {isa = PBXFileReference; fileEncoding = 4; lastKnownFileType = sourcecode.c.h; path = Menu.h; sourceTree = "<group>"; };
		017BD2241859156D000634F4 /* Menu.m */ = {isa = PBXFileReference; fileEncoding = 4; lastKnownFileType = sourcecode.c.objc; path = Menu.m; sourceTree = "<group>"; };
		0192CC1916C05FE50024815F /* Customer.m */ = {isa = PBXFileReference; fileEncoding = 4; lastKnownFileType = sourcecode.c.objc; path = Customer.m; sourceTree = "<group>"; };
		01A35DEB1791BACC00DEBC46 /* OrderNotifications.h */ = {isa = PBXFileReference; fileEncoding = 4; lastKnownFileType = sourcecode.c.h; path = OrderNotifications.h; sourceTree = "<group>"; };
		01A35DEC1791BACC00DEBC46 /* OrderNotifications.m */ = {isa = PBXFileReference; fileEncoding = 4; lastKnownFileType = sourcecode.c.objc; path = OrderNotifications.m; sourceTree = "<group>"; };
		01AAA78A18456FC8002D7719 /* AccountSettingsViewController.h */ = {isa = PBXFileReference; fileEncoding = 4; lastKnownFileType = sourcecode.c.h; path = AccountSettingsViewController.h; sourceTree = "<group>"; };
		01AAA78B18456FC8002D7719 /* AccountSettingsViewController.m */ = {isa = PBXFileReference; fileEncoding = 4; lastKnownFileType = sourcecode.c.objc; path = AccountSettingsViewController.m; sourceTree = "<group>"; };
		01AAA78F18457257002D7719 /* ChangeCreditCardViewController.h */ = {isa = PBXFileReference; fileEncoding = 4; lastKnownFileType = sourcecode.c.h; path = ChangeCreditCardViewController.h; sourceTree = "<group>"; };
		01AAA79018457257002D7719 /* ChangeCreditCardViewController.m */ = {isa = PBXFileReference; fileEncoding = 4; lastKnownFileType = sourcecode.c.objc; path = ChangeCreditCardViewController.m; sourceTree = "<group>"; };
		01AAA79218457264002D7719 /* ChangePickupLocationViewController.h */ = {isa = PBXFileReference; fileEncoding = 4; lastKnownFileType = sourcecode.c.h; path = ChangePickupLocationViewController.h; sourceTree = "<group>"; };
		01AAA79318457264002D7719 /* ChangePickupLocationViewController.m */ = {isa = PBXFileReference; fileEncoding = 4; lastKnownFileType = sourcecode.c.objc; path = ChangePickupLocationViewController.m; sourceTree = "<group>"; };
		01AAA7961845AF71002D7719 /* Pointer.h */ = {isa = PBXFileReference; fileEncoding = 4; lastKnownFileType = sourcecode.c.h; path = Pointer.h; sourceTree = "<group>"; };
		01AAA7971845AF71002D7719 /* Pointer.m */ = {isa = PBXFileReference; fileEncoding = 4; lastKnownFileType = sourcecode.c.objc; path = Pointer.m; sourceTree = "<group>"; };
		01AFAFCB1819C39900B2151A /* Logo@2x.png */ = {isa = PBXFileReference; lastKnownFileType = image.png; path = "Logo@2x.png"; sourceTree = "<group>"; };
		01AFAFCF181B1D8800B2151A /* ThreeRowOrderingViewController.h */ = {isa = PBXFileReference; fileEncoding = 4; lastKnownFileType = sourcecode.c.h; path = ThreeRowOrderingViewController.h; sourceTree = "<group>"; };
		01AFAFD0181B1D8800B2151A /* ThreeRowOrderingViewController.m */ = {isa = PBXFileReference; fileEncoding = 4; lastKnownFileType = sourcecode.c.objc; path = ThreeRowOrderingViewController.m; sourceTree = "<group>"; };
		01C33BA71852ADA000263122 /* BeginLoginNavViewController.h */ = {isa = PBXFileReference; fileEncoding = 4; lastKnownFileType = sourcecode.c.h; path = BeginLoginNavViewController.h; sourceTree = "<group>"; };
		01C33BA81852ADA000263122 /* BeginLoginNavViewController.m */ = {isa = PBXFileReference; fileEncoding = 4; lastKnownFileType = sourcecode.c.objc; path = BeginLoginNavViewController.m; sourceTree = "<group>"; };
		01CD83C217B6AEBE001A19C5 /* StripeCustomer.h */ = {isa = PBXFileReference; fileEncoding = 4; lastKnownFileType = sourcecode.c.h; path = StripeCustomer.h; sourceTree = "<group>"; };
		01CD83C317B6AEBE001A19C5 /* StripeCustomer.m */ = {isa = PBXFileReference; fileEncoding = 4; lastKnownFileType = sourcecode.c.objc; path = StripeCustomer.m; sourceTree = "<group>"; };
		01CD83C917B6B443001A19C5 /* StripeClient.h */ = {isa = PBXFileReference; fileEncoding = 4; lastKnownFileType = sourcecode.c.h; path = StripeClient.h; sourceTree = "<group>"; };
		01CD83CA17B6B443001A19C5 /* StripeClient.m */ = {isa = PBXFileReference; fileEncoding = 4; lastKnownFileType = sourcecode.c.objc; path = StripeClient.m; sourceTree = "<group>"; };
		01CE5DBD1840019F006EB46D /* JSONResponseSerializerWithData.h */ = {isa = PBXFileReference; fileEncoding = 4; lastKnownFileType = sourcecode.c.h; path = JSONResponseSerializerWithData.h; sourceTree = "<group>"; };
		01CE5DBE1840019F006EB46D /* JSONResponseSerializerWithData.m */ = {isa = PBXFileReference; fileEncoding = 4; lastKnownFileType = sourcecode.c.objc; path = JSONResponseSerializerWithData.m; sourceTree = "<group>"; };
		01CE5DC0184003ED006EB46D /* StripeError.h */ = {isa = PBXFileReference; fileEncoding = 4; lastKnownFileType = sourcecode.c.h; path = StripeError.h; sourceTree = "<group>"; };
		01CE5DC1184003ED006EB46D /* StripeError.m */ = {isa = PBXFileReference; fileEncoding = 4; lastKnownFileType = sourcecode.c.objc; path = StripeError.m; sourceTree = "<group>"; };
		01CE5DC3184005E2006EB46D /* StripeErrorResponse.h */ = {isa = PBXFileReference; fileEncoding = 4; lastKnownFileType = sourcecode.c.h; path = StripeErrorResponse.h; sourceTree = "<group>"; };
		01CE5DC4184005E2006EB46D /* StripeErrorResponse.m */ = {isa = PBXFileReference; fileEncoding = 4; lastKnownFileType = sourcecode.c.objc; path = StripeErrorResponse.m; sourceTree = "<group>"; };
		01CF7F9B172C777D0072D714 /* FoodImage.h */ = {isa = PBXFileReference; fileEncoding = 4; lastKnownFileType = sourcecode.c.h; path = FoodImage.h; sourceTree = "<group>"; };
		01CF7F9C172C777D0072D714 /* FoodImage.m */ = {isa = PBXFileReference; fileEncoding = 4; lastKnownFileType = sourcecode.c.objc; path = FoodImage.m; sourceTree = "<group>"; };
		01DAC6CA177D024E00158C9B /* LoginViewController.h */ = {isa = PBXFileReference; fileEncoding = 4; lastKnownFileType = sourcecode.c.h; path = LoginViewController.h; sourceTree = "<group>"; };
		01DAC6CB177D024E00158C9B /* LoginViewController.m */ = {isa = PBXFileReference; fileEncoding = 4; lastKnownFileType = sourcecode.c.objc; path = LoginViewController.m; sourceTree = "<group>"; };
		36C0299A64AA4BF98B6CD198 /* Pods.xcconfig */ = {isa = PBXFileReference; includeInIndex = 1; lastKnownFileType = text.xcconfig; name = Pods.xcconfig; path = Pods/Pods.xcconfig; sourceTree = SOURCE_ROOT; };
		95BBADCDE86D49C2B2B65325 /* libPods.a */ = {isa = PBXFileReference; explicitFileType = archive.ar; includeInIndex = 0; path = libPods.a; sourceTree = BUILT_PRODUCTS_DIR; };
/* End PBXFileReference section */

/* Begin PBXFrameworksBuildPhase section */
		0176637B16C05809003BBD47 /* Frameworks */ = {
			isa = PBXFrameworksBuildPhase;
			buildActionMask = 2147483647;
			files = (
				010BD76E1880A1E7009896AC /* ImageIO.framework in Frameworks */,
				0109FC7417760133008E5A66 /* Security.framework in Frameworks */,
				0109FC721776012B008E5A66 /* QuartzCore.framework in Frameworks */,
				0177533D17826DDD00296315 /* OpenGLES.framework in Frameworks */,
				0109FC7017760124008E5A66 /* MobileCoreServices.framework in Frameworks */,
				0177533B17826DCD00296315 /* CoreVideo.framework in Frameworks */,
				0177533917826DC200296315 /* CoreMedia.framework in Frameworks */,
				0177533717826DB300296315 /* AVFoundation.framework in Frameworks */,
				0109FC7817760140008E5A66 /* SystemConfiguration.framework in Frameworks */,
				0109FC761776013A008E5A66 /* StoreKit.framework in Frameworks */,
				0109FC6E1776011C008E5A66 /* libz.1.1.3.dylib in Frameworks */,
				0109FC6C17760115008E5A66 /* CoreLocation.framework in Frameworks */,
				0176638716C05809003BBD47 /* CoreGraphics.framework in Frameworks */,
				0109FC6A17760109008E5A66 /* CFNetwork.framework in Frameworks */,
				0109FC6817760102008E5A66 /* AudioToolbox.framework in Frameworks */,
				0176638316C05809003BBD47 /* UIKit.framework in Frameworks */,
				0176638516C05809003BBD47 /* Foundation.framework in Frameworks */,
				0109FC66177600C1008E5A66 /* Parse.framework in Frameworks */,
				0177533317826D1800296315 /* libCardIO.a in Frameworks */,
				0165C5C91795D3AE00DA9C15 /* VenmoTouch.framework in Frameworks */,
				1AA06C3B66104C16A72EEF95 /* libPods.a in Frameworks */,
			);
			runOnlyForDeploymentPostprocessing = 0;
		};
		017663A616C05809003BBD47 /* Frameworks */ = {
			isa = PBXFrameworksBuildPhase;
			buildActionMask = 2147483647;
			files = (
				017663AC16C05809003BBD47 /* SenTestingKit.framework in Frameworks */,
				017663AD16C05809003BBD47 /* UIKit.framework in Frameworks */,
				017663AE16C05809003BBD47 /* Foundation.framework in Frameworks */,
			);
			runOnlyForDeploymentPostprocessing = 0;
		};
/* End PBXFrameworksBuildPhase section */

/* Begin PBXGroup section */
		010251E817B4610C00BF1F3C /* Services */ = {
			isa = PBXGroup;
			children = (
			);
			name = Services;
			sourceTree = "<group>";
		};
		0102520617B46B6F00BF1F3C /* Stripe */ = {
			isa = PBXGroup;
			children = (
				0102520717B46B6F00BF1F3C /* STPCard.h */,
				0102520817B46B6F00BF1F3C /* STPCard.m */,
				0102520917B46B6F00BF1F3C /* STPToken.h */,
				0102520A17B46B6F00BF1F3C /* STPToken.m */,
				0102520B17B46B6F00BF1F3C /* STPView.h */,
				0102520C17B46B6F00BF1F3C /* STPView.m */,
				0102520D17B46B6F00BF1F3C /* Stripe-Prefix.pch */,
				0102520E17B46B6F00BF1F3C /* Stripe.h */,
				0102520F17B46B6F00BF1F3C /* Stripe.m */,
				0102521017B46B6F00BF1F3C /* StripeError.h */,
				0102521117B46B6F00BF1F3C /* StripeError.m */,
				0102521217B46B6F00BF1F3C /* Vendor */,
			);
			path = Stripe;
			sourceTree = "<group>";
		};
		0102521217B46B6F00BF1F3C /* Vendor */ = {
			isa = PBXGroup;
			children = (
				0102521317B46B6F00BF1F3C /* PaymentKit */,
			);
			path = Vendor;
			sourceTree = "<group>";
		};
		0102521317B46B6F00BF1F3C /* PaymentKit */ = {
			isa = PBXGroup;
			children = (
				0102521417B46B6F00BF1F3C /* .gitignore */,
				0102521517B46B6F00BF1F3C /* LICENSE */,
				0102521617B46B6F00BF1F3C /* PaymentKit */,
				0102526217B46B6F00BF1F3C /* PaymentKit.podspec */,
				0102526317B46B6F00BF1F3C /* README.md */,
			);
			path = PaymentKit;
			sourceTree = "<group>";
		};
		0102521617B46B6F00BF1F3C /* PaymentKit */ = {
			isa = PBXGroup;
			children = (
				0102521717B46B6F00BF1F3C /* PKAddressZip.h */,
				0102521817B46B6F00BF1F3C /* PKAddressZip.m */,
				0102521917B46B6F00BF1F3C /* PKCard.h */,
				0102521A17B46B6F00BF1F3C /* PKCard.m */,
				0102521B17B46B6F00BF1F3C /* PKCardCVC.h */,
				0102521C17B46B6F00BF1F3C /* PKCardCVC.m */,
				0102521D17B46B6F00BF1F3C /* PKCardExpiry.h */,
				0102521E17B46B6F00BF1F3C /* PKCardExpiry.m */,
				0102521F17B46B6F00BF1F3C /* PKCardNumber.h */,
				0102522017B46B6F00BF1F3C /* PKCardNumber.m */,
				0102522117B46B6F00BF1F3C /* PKCardType.h */,
				0102522217B46B6F00BF1F3C /* PKTextField.h */,
				0102522317B46B6F00BF1F3C /* PKTextField.m */,
				0102522417B46B6F00BF1F3C /* PKUSAddressZip.h */,
				0102522517B46B6F00BF1F3C /* PKUSAddressZip.m */,
				0102522617B46B6F00BF1F3C /* PKView.h */,
				0102522717B46B6F00BF1F3C /* PKView.m */,
				0102522817B46B6F00BF1F3C /* Resources */,
			);
			path = PaymentKit;
			sourceTree = "<group>";
		};
		0102522817B46B6F00BF1F3C /* Resources */ = {
			isa = PBXGroup;
			children = (
				0102522917B46B6F00BF1F3C /* Cards */,
				0102523C17B46B6F00BF1F3C /* gradient@2x.png */,
				0102523D17B46B6F00BF1F3C /* textfield.png */,
				0102523E17B46B6F00BF1F3C /* textfield@2x.png */,
			);
			path = Resources;
			sourceTree = "<group>";
		};
		0102522917B46B6F00BF1F3C /* Cards */ = {
			isa = PBXGroup;
			children = (
				0102522A17B46B6F00BF1F3C /* amex.png */,
				0102522B17B46B6F00BF1F3C /* amex@2x.png */,
				0102522C17B46B6F00BF1F3C /* cvc-amex.png */,
				0102522D17B46B6F00BF1F3C /* cvc-amex@2x.png */,
				0102522E17B46B6F00BF1F3C /* cvc.png */,
				0102522F17B46B6F00BF1F3C /* cvc@2x.png */,
				0102523017B46B6F00BF1F3C /* diners.png */,
				0102523117B46B6F00BF1F3C /* diners@2x.png */,
				0102523217B46B6F00BF1F3C /* discover.png */,
				0102523317B46B6F00BF1F3C /* discover@2x.png */,
				0102523417B46B6F00BF1F3C /* jcb.png */,
				0102523517B46B6F00BF1F3C /* jcb@2x.png */,
				0102523617B46B6F00BF1F3C /* mastercard.png */,
				0102523717B46B6F00BF1F3C /* mastercard@2x.png */,
				0102523817B46B6F00BF1F3C /* placeholder.png */,
				0102523917B46B6F00BF1F3C /* placeholder@2x.png */,
				0102523A17B46B6F00BF1F3C /* visa.png */,
				0102523B17B46B6F00BF1F3C /* visa@2x.png */,
			);
			path = Cards;
			sourceTree = "<group>";
		};
		010BD761187DBF1A009896AC /* Cloudinary */ = {
			isa = PBXGroup;
			children = (
				010BD762187DBF3C009896AC /* CloudinaryClient.h */,
				010BD763187DBF3C009896AC /* CloudinaryClient.m */,
			);
			name = Cloudinary;
			sourceTree = "<group>";
		};
		011CEDEF170603BC00AE586E /* ViewControllers */ = {
			isa = PBXGroup;
			children = (
				01AAA78E1845722E002D7719 /* AccountSettings */,
				01AAA78D18457221002D7719 /* DoRyte */,
				01222558179B0BA70026922A /* Ordering */,
				01876FB9177609E100D0464B /* Login */,
			);
			name = ViewControllers;
			sourceTree = "<group>";
		};
		01222558179B0BA70026922A /* Ordering */ = {
			isa = PBXGroup;
			children = (
				0176639716C05809003BBD47 /* EatRyteViewController.h */,
				0176639816C05809003BBD47 /* EatRyteViewController.m */,
				0176639E16C05809003BBD47 /* TabBarController.h */,
				0176639F16C05809003BBD47 /* TabBarController.m */,
				011CEDF01706042300AE586E /* MenuViewController.h */,
				011CEDF11706042300AE586E /* MenuViewController.m */,
				01191774172326F80085CA7B /* MenuItemDetailsViewController.h */,
				01191775172326F80085CA7B /* MenuItemDetailsViewController.m */,
				015BD2FE173EDA70008AB447 /* OrderSummaryViewController.h */,
				015BD2FF173EDA70008AB447 /* OrderSummaryViewController.m */,
				01AFAFCF181B1D8800B2151A /* ThreeRowOrderingViewController.h */,
				01AFAFD0181B1D8800B2151A /* ThreeRowOrderingViewController.m */,
			);
			name = Ordering;
			sourceTree = "<group>";
		};
		0131E5F418381CEC00556178 /* ResultObjects */ = {
			isa = PBXGroup;
			children = (
				0131E5F518381CF900556178 /* LocationResult.h */,
				0131E5F618381CF900556178 /* LocationResult.m */,
				0131E5F8183D87BA00556178 /* MenuResult.h */,
				0131E5F9183D87BA00556178 /* MenuResult.m */,
				01CE5DC3184005E2006EB46D /* StripeErrorResponse.h */,
				01CE5DC4184005E2006EB46D /* StripeErrorResponse.m */,
				010BD74B187B62A9009896AC /* LocationItemResult.h */,
				010BD74C187B62A9009896AC /* LocationItemResult.m */,
			);
			name = ResultObjects;
			sourceTree = "<group>";
		};
		013DE02C17CC1B51004EFFF6 /* Stripe */ = {
			isa = PBXGroup;
			children = (
				01CD83C217B6AEBE001A19C5 /* StripeCustomer.h */,
				01CD83C317B6AEBE001A19C5 /* StripeCustomer.m */,
				013DE02D17CC1BC2004EFFF6 /* StripeCard.h */,
				013DE02E17CC1BC2004EFFF6 /* StripeCard.m */,
				0115FD3317E3745300F75708 /* StripeCardsResponse.h */,
				0115FD3417E3745300F75708 /* StripeCardsResponse.m */,
			);
			name = Stripe;
			sourceTree = "<group>";
		};
		013DE03017CC3CE8004EFFF6 /* Parse */ = {
			isa = PBXGroup;
			children = (
				013DE03117CC3CF7004EFFF6 /* ParseClient.h */,
				013DE03217CC3CF7004EFFF6 /* ParseClient.m */,
			);
			name = Parse;
			sourceTree = "<group>";
		};
		0165C5CB1795E52200DA9C15 /* Base */ = {
			isa = PBXGroup;
			children = (
				010251E817B4610C00BF1F3C /* Services */,
			);
			name = Base;
			sourceTree = "<group>";
		};
		0176637316C05809003BBD47 = {
			isa = PBXGroup;
			children = (
				0176638816C05809003BBD47 /* RyteBytes */,
				017663B116C05809003BBD47 /* RyteBytesTests */,
				0176638116C05809003BBD47 /* Frameworks */,
				0176637F16C05809003BBD47 /* Products */,
				36C0299A64AA4BF98B6CD198 /* Pods.xcconfig */,
			);
			sourceTree = "<group>";
		};
		0176637F16C05809003BBD47 /* Products */ = {
			isa = PBXGroup;
			children = (
				0176637E16C05809003BBD47 /* RyteBytes.app */,
				017663AA16C05809003BBD47 /* RyteBytesTests.octest */,
			);
			name = Products;
			sourceTree = "<group>";
		};
		0176638116C05809003BBD47 /* Frameworks */ = {
			isa = PBXGroup;
			children = (
				010BD76D1880A1E7009896AC /* ImageIO.framework */,
				0102520617B46B6F00BF1F3C /* Stripe */,
				0165C5C81795D3AE00DA9C15 /* VenmoTouch.framework */,
				0177533C17826DDD00296315 /* OpenGLES.framework */,
				0177533A17826DCD00296315 /* CoreVideo.framework */,
				0177533817826DC200296315 /* CoreMedia.framework */,
				0177533617826DB300296315 /* AVFoundation.framework */,
				0177532D17826D1800296315 /* CardIO */,
				0109FC7717760140008E5A66 /* SystemConfiguration.framework */,
				0109FC751776013A008E5A66 /* StoreKit.framework */,
				0109FC7317760133008E5A66 /* Security.framework */,
				0109FC711776012B008E5A66 /* QuartzCore.framework */,
				0109FC6F17760124008E5A66 /* MobileCoreServices.framework */,
				0109FC6D1776011C008E5A66 /* libz.1.1.3.dylib */,
				0109FC6B17760115008E5A66 /* CoreLocation.framework */,
				0109FC6917760109008E5A66 /* CFNetwork.framework */,
				0109FC6717760102008E5A66 /* AudioToolbox.framework */,
				0109FC65177600C1008E5A66 /* Parse.framework */,
				0176638216C05809003BBD47 /* UIKit.framework */,
				0176638416C05809003BBD47 /* Foundation.framework */,
				0176638616C05809003BBD47 /* CoreGraphics.framework */,
				017663AB16C05809003BBD47 /* SenTestingKit.framework */,
				95BBADCDE86D49C2B2B65325 /* libPods.a */,
			);
			name = Frameworks;
			sourceTree = "<group>";
		};
		0176638816C05809003BBD47 /* RyteBytes */ = {
			isa = PBXGroup;
			children = (
				01CD83C717B6B3D8001A19C5 /* Web Services */,
				0165C5CB1795E52200DA9C15 /* Base */,
				01A35DEA1791BAA500DEBC46 /* Notifications */,
				01A3A9681762AD0B0010C6F1 /* ViewModels */,
				011CEDEF170603BC00AE586E /* ViewControllers */,
				01837D4A16FDF84B00096158 /* Resources */,
				0192CC1616C05F4C0024815F /* Models */,
				0176639116C05809003BBD47 /* RBAppDelegate.h */,
				0176639216C05809003BBD47 /* RBAppDelegate.m */,
				0176639416C05809003BBD47 /* MainStoryboard.storyboard */,
				0176638916C05809003BBD47 /* Supporting Files */,
				01222550179AFA830026922A /* Constants.h */,
				01222551179AFA840026922A /* Constants.m */,
				0131E5E31837C32C00556178 /* Images.xcassets */,
			);
			path = RyteBytes;
			sourceTree = "<group>";
		};
		0176638916C05809003BBD47 /* Supporting Files */ = {
			isa = PBXGroup;
			children = (
				0176638A16C05809003BBD47 /* RyteBytes-Info.plist */,
				0176638B16C05809003BBD47 /* InfoPlist.strings */,
				0176638E16C05809003BBD47 /* main.m */,
				0176639016C05809003BBD47 /* RyteBytes-Prefix.pch */,
				017BD2211858CEA3000634F4 /* menu.plist */,
				0117109E185FC2C1009173EC /* location.plist */,
			);
			name = "Supporting Files";
			sourceTree = "<group>";
		};
		017663B116C05809003BBD47 /* RyteBytesTests */ = {
			isa = PBXGroup;
			children = (
				017663B716C05809003BBD47 /* RyteBytesTests.h */,
				017663B816C05809003BBD47 /* RyteBytesTests.m */,
				01222559179B16240026922A /* OrderTests.h */,
				0122255A179B16240026922A /* OrderTests.m */,
				017663B216C05809003BBD47 /* Supporting Files */,
			);
			path = RyteBytesTests;
			sourceTree = "<group>";
		};
		017663B216C05809003BBD47 /* Supporting Files */ = {
			isa = PBXGroup;
			children = (
				017663B316C05809003BBD47 /* RyteBytesTests-Info.plist */,
				017663B416C05809003BBD47 /* InfoPlist.strings */,
			);
			name = "Supporting Files";
			sourceTree = "<group>";
		};
		0177532D17826D1800296315 /* CardIO */ = {
			isa = PBXGroup;
			children = (
				0177532E17826D1800296315 /* CardIO.h */,
				0177532F17826D1800296315 /* CardIOCreditCardInfo.h */,
				0177533017826D1800296315 /* CardIOPaymentViewController.h */,
				0177533117826D1800296315 /* CardIOPaymentViewControllerDelegate.h */,
				0177533217826D1800296315 /* libCardIO.a */,
			);
			path = CardIO;
			sourceTree = "<group>";
		};
		01837D4A16FDF84B00096158 /* Resources */ = {
			isa = PBXGroup;
			children = (
				01837D4B16FDF85A00096158 /* Images */,
			);
			name = Resources;
			sourceTree = "<group>";
		};
		01837D4B16FDF85A00096158 /* Images */ = {
			isa = PBXGroup;
			children = (
				010BD79A18834849009896AC /* ios-beets-carrots@2x.jpg */,
				010BD79B18834849009896AC /* ios-beets-turnips@2x.jpg */,
				010BD79C18834849009896AC /* ios-cauli@2x.jpg */,
				010BD79D18834849009896AC /* ios-chicken@2x.jpg */,
				010BD79E18834849009896AC /* ios-pasta@2x.jpg */,
				010BD79F18834849009896AC /* ios-pilaf@2x.jpg */,
				010BD7A018834849009896AC /* ios-pork@2x.jpg */,
				010BD7A118834849009896AC /* ios-red-potatoes@2x.jpg */,
				010BD75B187CAF94009896AC /* cog@2x.png */,
				010BD75C187CAF94009896AC /* coin@2x.png */,
				010BD75D187CAF94009896AC /* food@2x.png */,
				010BD759187CAE48009896AC /* fire@2x.png */,
				0157B7A6186606210003E187 /* LaunchImage.png */,
				01171099185FC0A0009173EC /* food_elgin.png */,
				01171097185FBFF5009173EC /* lakeview_pantry.jpg */,
				0131E5EF1837CBD100556178 /* food_vert@2x.png */,
				0131E5EB1837C91400556178 /* 120x120 white.png */,
				01350D3918243E3600670D23 /* Default@2x.png */,
				01350D3518243CCF00670D23 /* Default-568h@2x.png */,
				01AFAFCB1819C39900B2151A /* Logo@2x.png */,
			);
			name = Images;
			sourceTree = "<group>";
		};
		01876FB9177609E100D0464B /* Login */ = {
			isa = PBXGroup;
			children = (
				0109FC791776053E008E5A66 /* CreateOrLoginViewController.h */,
				0109FC7A1776053E008E5A66 /* CreateOrLoginViewController.m */,
				01DAC6CA177D024E00158C9B /* LoginViewController.h */,
				01DAC6CB177D024E00158C9B /* LoginViewController.m */,
				0177532A178241A200296315 /* CreateAccountViewController.h */,
				0177532B178241A200296315 /* CreateAccountViewController.m */,
				01C33BA71852ADA000263122 /* BeginLoginNavViewController.h */,
				01C33BA81852ADA000263122 /* BeginLoginNavViewController.m */,
			);
			name = Login;
			sourceTree = "<group>";
		};
		0192CC1616C05F4C0024815F /* Models */ = {
			isa = PBXGroup;
			children = (
				0131E5F418381CEC00556178 /* ResultObjects */,
				01193D491719EA5F007782B9 /* NutritionInformation.h */,
				01193D4A1719EA5F007782B9 /* NutritionInformation.m */,
				01CF7F9B172C777D0072D714 /* FoodImage.h */,
				01CF7F9C172C777D0072D714 /* FoodImage.m */,
				0192CC1916C05FE50024815F /* Customer.m */,
				011CEDF31706260800AE586E /* Dish.h */,
				011CEDF41706260800AE586E /* Dish.m */,
				0122254C179AEE2B0026922A /* MenuItem.h */,
				0122254D179AEE2B0026922A /* MenuItem.m */,
				01222554179AFD650026922A /* Order.h */,
				01222555179AFD650026922A /* Order.m */,
				0173747117DFEAE90090849A /* OrderItem.h */,
				0173747217DFEAE90090849A /* OrderItem.m */,
				0131E5F1183815F400556178 /* Location.h */,
				0131E5F2183815F400556178 /* Location.m */,
				017BD2231859156D000634F4 /* Menu.h */,
				017BD2241859156D000634F4 /* Menu.m */,
				0117109B185FC0E1009173EC /* Charity.h */,
				0117109C185FC0E1009173EC /* Charity.m */,
				010BD74E187B62C3009896AC /* LocationItem.h */,
				010BD74F187B62C3009896AC /* LocationItem.m */,
				01CD83C517B6B3AE001A19C5 /* Third Party */,
			);
			name = Models;
			sourceTree = "<group>";
		};
		01A35DEA1791BAA500DEBC46 /* Notifications */ = {
			isa = PBXGroup;
			children = (
				01A35DEB1791BACC00DEBC46 /* OrderNotifications.h */,
				01A35DEC1791BACC00DEBC46 /* OrderNotifications.m */,
			);
			name = Notifications;
			sourceTree = "<group>";
		};
		01A3A9681762AD0B0010C6F1 /* ViewModels */ = {
			isa = PBXGroup;
			children = (
				01191771172310370085CA7B /* MenuCell.h */,
				01191772172310370085CA7B /* MenuCell.m */,
				015BD301173EDF8E008AB447 /* OrderSummaryCell.h */,
				015BD302173EDF8E008AB447 /* OrderSummaryCell.m */,
				010BD76A187F4CA9009896AC /* MenuCellNameLabel.h */,
				010BD76B187F4CA9009896AC /* MenuCellNameLabel.m */,
			);
			name = ViewModels;
			sourceTree = "<group>";
		};
		01AAA78D18457221002D7719 /* DoRyte */ = {
			isa = PBXGroup;
			children = (
				01307ADB18445BDD006F72FD /* DoRyteViewController.h */,
				01307ADC18445BDD006F72FD /* DoRyteViewController.m */,
			);
			name = DoRyte;
			sourceTree = "<group>";
		};
		01AAA78E1845722E002D7719 /* AccountSettings */ = {
			isa = PBXGroup;
			children = (
				01AAA78A18456FC8002D7719 /* AccountSettingsViewController.h */,
				01AAA78B18456FC8002D7719 /* AccountSettingsViewController.m */,
				01AAA78F18457257002D7719 /* ChangeCreditCardViewController.h */,
				01AAA79018457257002D7719 /* ChangeCreditCardViewController.m */,
				01AAA79218457264002D7719 /* ChangePickupLocationViewController.h */,
				01AAA79318457264002D7719 /* ChangePickupLocationViewController.m */,
			);
			name = AccountSettings;
			sourceTree = "<group>";
		};
		01AAA7951845AF64002D7719 /* Parse */ = {
			isa = PBXGroup;
			children = (
				01AAA7961845AF71002D7719 /* Pointer.h */,
				01AAA7971845AF71002D7719 /* Pointer.m */,
			);
			name = Parse;
			sourceTree = "<group>";
		};
		01CD83C517B6B3AE001A19C5 /* Third Party */ = {
			isa = PBXGroup;
			children = (
				01AAA7951845AF64002D7719 /* Parse */,
				013DE02C17CC1B51004EFFF6 /* Stripe */,
				010BD76F1880B1CE009896AC /* FBMissingSymbols.h */,
				010BD7701880B1CE009896AC /* FBMissingSymbols.m */,
			);
			name = "Third Party";
			sourceTree = "<group>";
		};
		01CD83C717B6B3D8001A19C5 /* Web Services */ = {
			isa = PBXGroup;
			children = (
				010BD761187DBF1A009896AC /* Cloudinary */,
				013DE03017CC3CE8004EFFF6 /* Parse */,
				01CD83C817B6B425001A19C5 /* Stripe */,
				01CE5DBD1840019F006EB46D /* JSONResponseSerializerWithData.h */,
				01CE5DBE1840019F006EB46D /* JSONResponseSerializerWithData.m */,
			);
			name = "Web Services";
			sourceTree = "<group>";
		};
		01CD83C817B6B425001A19C5 /* Stripe */ = {
			isa = PBXGroup;
			children = (
				01CD83C917B6B443001A19C5 /* StripeClient.h */,
				01CD83CA17B6B443001A19C5 /* StripeClient.m */,
				01CE5DC0184003ED006EB46D /* StripeError.h */,
				01CE5DC1184003ED006EB46D /* StripeError.m */,
			);
			name = Stripe;
			sourceTree = "<group>";
		};
/* End PBXGroup section */

/* Begin PBXNativeTarget section */
		0176637D16C05809003BBD47 /* RyteBytes */ = {
			isa = PBXNativeTarget;
			buildConfigurationList = 017663BC16C05809003BBD47 /* Build configuration list for PBXNativeTarget "RyteBytes" */;
			buildPhases = (
				82443BA4DB5B4B42801E83E6 /* Check Pods Manifest.lock */,
				0176637A16C05809003BBD47 /* Sources */,
				0176637B16C05809003BBD47 /* Frameworks */,
				0176637C16C05809003BBD47 /* Resources */,
				A98E72E697604E9B98A0E401 /* Copy Pods Resources */,
			);
			buildRules = (
			);
			dependencies = (
			);
			name = RyteBytes;
			productName = RyteBytes;
			productReference = 0176637E16C05809003BBD47 /* RyteBytes.app */;
			productType = "com.apple.product-type.application";
		};
		017663A916C05809003BBD47 /* RyteBytesTests */ = {
			isa = PBXNativeTarget;
			buildConfigurationList = 017663BF16C05809003BBD47 /* Build configuration list for PBXNativeTarget "RyteBytesTests" */;
			buildPhases = (
				017663A516C05809003BBD47 /* Sources */,
				017663A616C05809003BBD47 /* Frameworks */,
				017663A716C05809003BBD47 /* Resources */,
				017663A816C05809003BBD47 /* ShellScript */,
			);
			buildRules = (
			);
			dependencies = (
				017663B016C05809003BBD47 /* PBXTargetDependency */,
			);
			name = RyteBytesTests;
			productName = RyteBytesTests;
			productReference = 017663AA16C05809003BBD47 /* RyteBytesTests.octest */;
			productType = "com.apple.product-type.bundle";
		};
/* End PBXNativeTarget section */

/* Begin PBXProject section */
		0176637516C05809003BBD47 /* Project object */ = {
			isa = PBXProject;
			attributes = {
				LastUpgradeCheck = 0460;
				TargetAttributes = {
					0176637D16C05809003BBD47 = {
						DevelopmentTeam = 3626SQ7M5J;
					};
				};
			};
			buildConfigurationList = 0176637816C05809003BBD47 /* Build configuration list for PBXProject "RyteBytes" */;
			compatibilityVersion = "Xcode 3.2";
			developmentRegion = English;
			hasScannedForEncodings = 0;
			knownRegions = (
				en,
			);
			mainGroup = 0176637316C05809003BBD47;
			productRefGroup = 0176637F16C05809003BBD47 /* Products */;
			projectDirPath = "";
			projectRoot = "";
			targets = (
				0176637D16C05809003BBD47 /* RyteBytes */,
				017663A916C05809003BBD47 /* RyteBytesTests */,
			);
		};
/* End PBXProject section */

/* Begin PBXResourcesBuildPhase section */
		0176637C16C05809003BBD47 /* Resources */ = {
			isa = PBXResourcesBuildPhase;
			buildActionMask = 2147483647;
			files = (
				01171098185FBFF5009173EC /* lakeview_pantry.jpg in Resources */,
				010BD75F187CAF94009896AC /* coin@2x.png in Resources */,
				010BD7A818834849009896AC /* ios-pork@2x.jpg in Resources */,
				010BD7A318834849009896AC /* ios-beets-turnips@2x.jpg in Resources */,
				0176638D16C05809003BBD47 /* InfoPlist.strings in Resources */,
				0176639616C05809003BBD47 /* MainStoryboard.storyboard in Resources */,
				017BD2221858CEA3000634F4 /* menu.plist in Resources */,
				010BD7A518834849009896AC /* ios-chicken@2x.jpg in Resources */,
				01350D3A18243E3600670D23 /* Default@2x.png in Resources */,
				0131E5F01837CBD100556178 /* food_vert@2x.png in Resources */,
				01350D3618243CCF00670D23 /* Default-568h@2x.png in Resources */,
				0117109A185FC0A0009173EC /* food_elgin.png in Resources */,
				0102526917B46B6F00BF1F3C /* .gitignore in Resources */,
				0102526A17B46B6F00BF1F3C /* LICENSE in Resources */,
				010BD7A618834849009896AC /* ios-pasta@2x.jpg in Resources */,
				0102527317B46B6F00BF1F3C /* amex.png in Resources */,
				010BD760187CAF94009896AC /* food@2x.png in Resources */,
				0102527417B46B6F00BF1F3C /* amex@2x.png in Resources */,
				0102527517B46B6F00BF1F3C /* cvc-amex.png in Resources */,
				0157B7A7186606210003E187 /* LaunchImage.png in Resources */,
				0102527617B46B6F00BF1F3C /* cvc-amex@2x.png in Resources */,
				0131E5EC1837C91400556178 /* 120x120 white.png in Resources */,
				0102527717B46B6F00BF1F3C /* cvc.png in Resources */,
				0102527817B46B6F00BF1F3C /* cvc@2x.png in Resources */,
				01AFAFCD1819C39900B2151A /* Logo@2x.png in Resources */,
				0102527917B46B6F00BF1F3C /* diners.png in Resources */,
				0102527A17B46B6F00BF1F3C /* diners@2x.png in Resources */,
				0102527B17B46B6F00BF1F3C /* discover.png in Resources */,
				010BD7A418834849009896AC /* ios-cauli@2x.jpg in Resources */,
				0102527C17B46B6F00BF1F3C /* discover@2x.png in Resources */,
				0102527D17B46B6F00BF1F3C /* jcb.png in Resources */,
				0102527E17B46B6F00BF1F3C /* jcb@2x.png in Resources */,
				0102527F17B46B6F00BF1F3C /* mastercard.png in Resources */,
				0102528017B46B6F00BF1F3C /* mastercard@2x.png in Resources */,
				0102528117B46B6F00BF1F3C /* placeholder.png in Resources */,
				010BD75E187CAF94009896AC /* cog@2x.png in Resources */,
				0102528217B46B6F00BF1F3C /* placeholder@2x.png in Resources */,
				010BD7A218834849009896AC /* ios-beets-carrots@2x.jpg in Resources */,
				0102528317B46B6F00BF1F3C /* visa.png in Resources */,
				0131E5E41837C32C00556178 /* Images.xcassets in Resources */,
				0102528417B46B6F00BF1F3C /* visa@2x.png in Resources */,
				010BD7A918834849009896AC /* ios-red-potatoes@2x.jpg in Resources */,
				0102528517B46B6F00BF1F3C /* gradient@2x.png in Resources */,
				0102528617B46B6F00BF1F3C /* textfield.png in Resources */,
				010BD75A187CAE48009896AC /* fire@2x.png in Resources */,
				0117109F185FC2C1009173EC /* location.plist in Resources */,
				0102528717B46B6F00BF1F3C /* textfield@2x.png in Resources */,
				010BD7A718834849009896AC /* ios-pilaf@2x.jpg in Resources */,
				0102529917B46B6F00BF1F3C /* PaymentKit.podspec in Resources */,
				0102529A17B46B6F00BF1F3C /* README.md in Resources */,
			);
			runOnlyForDeploymentPostprocessing = 0;
		};
		017663A716C05809003BBD47 /* Resources */ = {
			isa = PBXResourcesBuildPhase;
			buildActionMask = 2147483647;
			files = (
				017663B616C05809003BBD47 /* InfoPlist.strings in Resources */,
			);
			runOnlyForDeploymentPostprocessing = 0;
		};
/* End PBXResourcesBuildPhase section */

/* Begin PBXShellScriptBuildPhase section */
		017663A816C05809003BBD47 /* ShellScript */ = {
			isa = PBXShellScriptBuildPhase;
			buildActionMask = 2147483647;
			files = (
			);
			inputPaths = (
			);
			outputPaths = (
			);
			runOnlyForDeploymentPostprocessing = 0;
			shellPath = /bin/sh;
			shellScript = "# Run the unit tests in this test bundle.\n\"${SYSTEM_DEVELOPER_DIR}/Tools/RunUnitTests\"\n";
		};
		82443BA4DB5B4B42801E83E6 /* Check Pods Manifest.lock */ = {
			isa = PBXShellScriptBuildPhase;
			buildActionMask = 2147483647;
			files = (
			);
			inputPaths = (
			);
			name = "Check Pods Manifest.lock";
			outputPaths = (
			);
			runOnlyForDeploymentPostprocessing = 0;
			shellPath = /bin/sh;
			shellScript = "diff \"${PODS_ROOT}/../Podfile.lock\" \"${PODS_ROOT}/Manifest.lock\" > /dev/null\nif [[ $? != 0 ]] ; then\n    cat << EOM\nerror: The sandbox is not in sync with the Podfile.lock. Run 'pod install' or update your CocoaPods installation.\nEOM\n    exit 1\nfi\n";
			showEnvVarsInLog = 0;
		};
		A98E72E697604E9B98A0E401 /* Copy Pods Resources */ = {
			isa = PBXShellScriptBuildPhase;
			buildActionMask = 2147483647;
			files = (
			);
			inputPaths = (
			);
			name = "Copy Pods Resources";
			outputPaths = (
			);
			runOnlyForDeploymentPostprocessing = 0;
			shellPath = /bin/sh;
			shellScript = "\"${SRCROOT}/Pods/Pods-resources.sh\"\n";
			showEnvVarsInLog = 0;
		};
/* End PBXShellScriptBuildPhase section */

/* Begin PBXSourcesBuildPhase section */
		0176637A16C05809003BBD47 /* Sources */ = {
			isa = PBXSourcesBuildPhase;
			buildActionMask = 2147483647;
			files = (
				01AFAFD1181B1D8800B2151A /* ThreeRowOrderingViewController.m in Sources */,
				0176638F16C05809003BBD47 /* main.m in Sources */,
				01AAA78C18456FC8002D7719 /* AccountSettingsViewController.m in Sources */,
				0176639316C05809003BBD47 /* RBAppDelegate.m in Sources */,
				0176639916C05809003BBD47 /* EatRyteViewController.m in Sources */,
				017663A016C05809003BBD47 /* TabBarController.m in Sources */,
				0192CC1A16C05FE50024815F /* Customer.m in Sources */,
				010BD7711880B1CE009896AC /* FBMissingSymbols.m in Sources */,
				011CEDF21706042300AE586E /* MenuViewController.m in Sources */,
				01307ADD18445BDD006F72FD /* DoRyteViewController.m in Sources */,
				01CE5DC2184003ED006EB46D /* StripeError.m in Sources */,
				01C33BA91852ADA000263122 /* BeginLoginNavViewController.m in Sources */,
				011CEDF51706260800AE586E /* Dish.m in Sources */,
				01193D4B1719EA5F007782B9 /* NutritionInformation.m in Sources */,
				01CE5DC5184005E2006EB46D /* StripeErrorResponse.m in Sources */,
				01191773172310370085CA7B /* MenuCell.m in Sources */,
				01191776172326F80085CA7B /* MenuItemDetailsViewController.m in Sources */,
				0117109D185FC0E1009173EC /* Charity.m in Sources */,
				010BD750187B62C3009896AC /* LocationItem.m in Sources */,
				01CF7F9D172C777D0072D714 /* FoodImage.m in Sources */,
				015BD300173EDA70008AB447 /* OrderSummaryViewController.m in Sources */,
				015BD303173EDF8E008AB447 /* OrderSummaryCell.m in Sources */,
				01AAA79418457264002D7719 /* ChangePickupLocationViewController.m in Sources */,
				0109FC7B1776053E008E5A66 /* CreateOrLoginViewController.m in Sources */,
				01DAC6CC177D024E00158C9B /* LoginViewController.m in Sources */,
				0177532C178241A200296315 /* CreateAccountViewController.m in Sources */,
				01A35DED1791BACC00DEBC46 /* OrderNotifications.m in Sources */,
				0122254E179AEE2B0026922A /* MenuItem.m in Sources */,
				0131E5F718381CF900556178 /* LocationResult.m in Sources */,
				01222552179AFA840026922A /* Constants.m in Sources */,
				01222556179AFD650026922A /* Order.m in Sources */,
				017BD2251859156D000634F4 /* Menu.m in Sources */,
				0102526417B46B6F00BF1F3C /* STPCard.m in Sources */,
				0102526517B46B6F00BF1F3C /* STPToken.m in Sources */,
				0102526617B46B6F00BF1F3C /* STPView.m in Sources */,
				010BD76C187F4CA9009896AC /* MenuCellNameLabel.m in Sources */,
				01AAA7981845AF71002D7719 /* Pointer.m in Sources */,
				010BD74D187B62A9009896AC /* LocationItemResult.m in Sources */,
				0102526717B46B6F00BF1F3C /* Stripe.m in Sources */,
				0102526817B46B6F00BF1F3C /* StripeError.m in Sources */,
				0102526B17B46B6F00BF1F3C /* PKAddressZip.m in Sources */,
				01CE5DBF1840019F006EB46D /* JSONResponseSerializerWithData.m in Sources */,
				0102526C17B46B6F00BF1F3C /* PKCard.m in Sources */,
				0102526D17B46B6F00BF1F3C /* PKCardCVC.m in Sources */,
				0102526E17B46B6F00BF1F3C /* PKCardExpiry.m in Sources */,
				0102526F17B46B6F00BF1F3C /* PKCardNumber.m in Sources */,
				0131E5F3183815F400556178 /* Location.m in Sources */,
				0102527017B46B6F00BF1F3C /* PKTextField.m in Sources */,
				0102527117B46B6F00BF1F3C /* PKUSAddressZip.m in Sources */,
				0102527217B46B6F00BF1F3C /* PKView.m in Sources */,
				010BD764187DBF3C009896AC /* CloudinaryClient.m in Sources */,
				01AAA79118457257002D7719 /* ChangeCreditCardViewController.m in Sources */,
				01CD83C417B6AEBE001A19C5 /* StripeCustomer.m in Sources */,
				01CD83CB17B6B443001A19C5 /* StripeClient.m in Sources */,
				0131E5FA183D87BA00556178 /* MenuResult.m in Sources */,
				013DE02F17CC1BC2004EFFF6 /* StripeCard.m in Sources */,
				013DE03317CC3CF7004EFFF6 /* ParseClient.m in Sources */,
				0173747317DFEAE90090849A /* OrderItem.m in Sources */,
				0115FD3517E3745300F75708 /* StripeCardsResponse.m in Sources */,
			);
			runOnlyForDeploymentPostprocessing = 0;
		};
		017663A516C05809003BBD47 /* Sources */ = {
			isa = PBXSourcesBuildPhase;
			buildActionMask = 2147483647;
			files = (
				017663B916C05809003BBD47 /* RyteBytesTests.m in Sources */,
				0122254F179AEE2B0026922A /* MenuItem.m in Sources */,
				01222553179AFA840026922A /* Constants.m in Sources */,
				01222557179AFD650026922A /* Order.m in Sources */,
				0122255B179B16240026922A /* OrderTests.m in Sources */,
				01CD83CC17B6B443001A19C5 /* StripeClient.m in Sources */,
			);
			runOnlyForDeploymentPostprocessing = 0;
		};
/* End PBXSourcesBuildPhase section */

/* Begin PBXTargetDependency section */
		017663B016C05809003BBD47 /* PBXTargetDependency */ = {
			isa = PBXTargetDependency;
			target = 0176637D16C05809003BBD47 /* RyteBytes */;
			targetProxy = 017663AF16C05809003BBD47 /* PBXContainerItemProxy */;
		};
/* End PBXTargetDependency section */

/* Begin PBXVariantGroup section */
		0176638B16C05809003BBD47 /* InfoPlist.strings */ = {
			isa = PBXVariantGroup;
			children = (
				0176638C16C05809003BBD47 /* en */,
			);
			name = InfoPlist.strings;
			sourceTree = "<group>";
		};
		0176639416C05809003BBD47 /* MainStoryboard.storyboard */ = {
			isa = PBXVariantGroup;
			children = (
				0176639516C05809003BBD47 /* en */,
			);
			name = MainStoryboard.storyboard;
			sourceTree = "<group>";
		};
		017663B416C05809003BBD47 /* InfoPlist.strings */ = {
			isa = PBXVariantGroup;
			children = (
				017663B516C05809003BBD47 /* en */,
			);
			name = InfoPlist.strings;
			sourceTree = "<group>";
		};
/* End PBXVariantGroup section */

/* Begin XCBuildConfiguration section */
		017663BA16C05809003BBD47 /* Debug */ = {
			isa = XCBuildConfiguration;
			baseConfigurationReference = 36C0299A64AA4BF98B6CD198 /* Pods.xcconfig */;
			buildSettings = {
				ALWAYS_SEARCH_USER_PATHS = NO;
				ARCHS = "$(ARCHS_STANDARD_32_BIT)";
				CLANG_ENABLE_OBJC_ARC = YES;
				CLANG_WARN_CONSTANT_CONVERSION = YES;
				CLANG_WARN_ENUM_CONVERSION = YES;
				CLANG_WARN_INT_CONVERSION = YES;
				CLANG_WARN__DUPLICATE_METHOD_MATCH = YES;
				"CODE_SIGN_IDENTITY[sdk=iphoneos*]" = "iPhone Developer";
				COPY_PHASE_STRIP = NO;
				GCC_C_LANGUAGE_STANDARD = gnu99;
				GCC_DYNAMIC_NO_PIC = NO;
				GCC_OPTIMIZATION_LEVEL = 0;
				GCC_PREPROCESSOR_DEFINITIONS = (
					"DEBUG=1",
					"$(inherited)",
				);
				GCC_SYMBOLS_PRIVATE_EXTERN = NO;
				GCC_VERSION = com.apple.compilers.llvm.clang.1_0;
				GCC_WARN_ABOUT_MISSING_PROTOTYPES = YES;
				GCC_WARN_ABOUT_RETURN_TYPE = YES;
				GCC_WARN_UNINITIALIZED_AUTOS = YES;
				GCC_WARN_UNUSED_VARIABLE = YES;
				HEADER_SEARCH_PATHS = (
					"\"${PODS_ROOT}/Headers\"",
					"\"${PODS_ROOT}/Headers/AFNetworking\"/**",
					"\"${PODS_ROOT}/Headers/JSONModel\"/**",
				);
				IPHONEOS_DEPLOYMENT_TARGET = 7.0;
				SDKROOT = iphoneos;
				TEST_AFTER_BUILD = NO;
			};
			name = Debug;
		};
		017663BB16C05809003BBD47 /* Release */ = {
			isa = XCBuildConfiguration;
			baseConfigurationReference = 36C0299A64AA4BF98B6CD198 /* Pods.xcconfig */;
			buildSettings = {
				ALWAYS_SEARCH_USER_PATHS = NO;
				ARCHS = "$(ARCHS_STANDARD_32_BIT)";
				CLANG_ENABLE_OBJC_ARC = YES;
				CLANG_WARN_CONSTANT_CONVERSION = YES;
				CLANG_WARN_ENUM_CONVERSION = YES;
				CLANG_WARN_INT_CONVERSION = YES;
				CLANG_WARN__DUPLICATE_METHOD_MATCH = YES;
				"CODE_SIGN_IDENTITY[sdk=iphoneos*]" = "iPhone Developer";
				COPY_PHASE_STRIP = YES;
				GCC_C_LANGUAGE_STANDARD = gnu99;
				GCC_VERSION = com.apple.compilers.llvm.clang.1_0;
				GCC_WARN_ABOUT_MISSING_PROTOTYPES = YES;
				GCC_WARN_ABOUT_RETURN_TYPE = YES;
				GCC_WARN_UNINITIALIZED_AUTOS = YES;
				GCC_WARN_UNUSED_VARIABLE = YES;
				HEADER_SEARCH_PATHS = (
					"\"${PODS_ROOT}/Headers\"",
					"\"${PODS_ROOT}/Headers/AFNetworking\"",
					"\"${PODS_ROOT}/Headers/JSONModel\"",
				);
				IPHONEOS_DEPLOYMENT_TARGET = 7.0;
				OTHER_CFLAGS = "-DNS_BLOCK_ASSERTIONS=1";
				SDKROOT = iphoneos;
				TEST_AFTER_BUILD = NO;
				VALIDATE_PRODUCT = YES;
			};
			name = Release;
		};
		017663BD16C05809003BBD47 /* Debug */ = {
			isa = XCBuildConfiguration;
			baseConfigurationReference = 36C0299A64AA4BF98B6CD198 /* Pods.xcconfig */;
			buildSettings = {
				ARCHS = "$(ARCHS_STANDARD)";
				CODE_SIGN_IDENTITY = "iPhone Developer";
				"CODE_SIGN_IDENTITY[sdk=iphoneos*]" = "iPhone Developer";
				FRAMEWORK_SEARCH_PATHS = (
					"$(inherited)",
					"\"$(SRCROOT)\"",
					"\"$(SYSTEM_APPS_DIR)/Xcode.app/Contents/Developer/Library/Frameworks\"",
				);
				GCC_PRECOMPILE_PREFIX_HEADER = YES;
				GCC_PREFIX_HEADER = "RyteBytes/RyteBytes-Prefix.pch";
				INFOPLIST_FILE = "RyteBytes/RyteBytes-Info.plist";
				IPHONEOS_DEPLOYMENT_TARGET = 7.0;
				LIBRARY_SEARCH_PATHS = (
					"$(inherited)",
					"\"$(SRCROOT)/CardIO\"",
				);
				ONLY_ACTIVE_ARCH = YES;
				OTHER_LDFLAGS = "-ObjC";
				"OTHER_LDFLAGS[arch=*]" = (
					"-v",
					"-lc++",
					"-ObjC",
				);
				PRODUCT_NAME = "$(TARGET_NAME)";
				PROVISIONING_PROFILE = "";
				TEST_AFTER_BUILD = NO;
				"VALID_ARCHS[sdk=*]" = "arm64 armv7 armv7s armv6";
				WRAPPER_EXTENSION = app;
			};
			name = Debug;
		};
		017663BE16C05809003BBD47 /* Release */ = {
			isa = XCBuildConfiguration;
			baseConfigurationReference = 36C0299A64AA4BF98B6CD198 /* Pods.xcconfig */;
			buildSettings = {
				ARCHS = "$(ARCHS_STANDARD)";
				CODE_SIGN_IDENTITY = "iPhone Developer";
				"CODE_SIGN_IDENTITY[sdk=iphoneos*]" = "iPhone Developer";
				FRAMEWORK_SEARCH_PATHS = (
					"$(inherited)",
					"\"$(SRCROOT)\"",
					"\"$(SYSTEM_APPS_DIR)/Xcode.app/Contents/Developer/Library/Frameworks\"",
				);
				GCC_PRECOMPILE_PREFIX_HEADER = YES;
				GCC_PREFIX_HEADER = "RyteBytes/RyteBytes-Prefix.pch";
				INFOPLIST_FILE = "RyteBytes/RyteBytes-Info.plist";
				IPHONEOS_DEPLOYMENT_TARGET = 7.0;
				LIBRARY_SEARCH_PATHS = (
					"$(inherited)",
					"\"$(SRCROOT)/CardIO\"",
				);
				ONLY_ACTIVE_ARCH = YES;
				OTHER_LDFLAGS = "-all_load";
				"OTHER_LDFLAGS[arch=*]" = (
					"-lc++",
					"-ObjC",
				);
				PRODUCT_NAME = "$(TARGET_NAME)";
				PROVISIONING_PROFILE = "";
				TEST_AFTER_BUILD = NO;
				"VALID_ARCHS[sdk=*]" = "arm64 armv7 armv7s armv6";
				WRAPPER_EXTENSION = app;
			};
			name = Release;
		};
		017663C016C05809003BBD47 /* Debug */ = {
			isa = XCBuildConfiguration;
			baseConfigurationReference = 36C0299A64AA4BF98B6CD198 /* Pods.xcconfig */;
			buildSettings = {
				BUNDLE_LOADER = "$(BUILT_PRODUCTS_DIR)/RyteBytes.app/RyteBytes";
				FRAMEWORK_SEARCH_PATHS = (
					"$(SDKROOT)/Developer/Library/Frameworks",
					"$(DEVELOPER_LIBRARY_DIR)/Frameworks",
				);
				GCC_PRECOMPILE_PREFIX_HEADER = YES;
				GCC_PREFIX_HEADER = "RyteBytes/RyteBytes-Prefix.pch";
				INFOPLIST_FILE = "RyteBytesTests/RyteBytesTests-Info.plist";
				PRODUCT_NAME = "$(TARGET_NAME)";
				TEST_HOST = "$(BUNDLE_LOADER)";
				WRAPPER_EXTENSION = octest;
			};
			name = Debug;
		};
		017663C116C05809003BBD47 /* Release */ = {
			isa = XCBuildConfiguration;
			baseConfigurationReference = 36C0299A64AA4BF98B6CD198 /* Pods.xcconfig */;
			buildSettings = {
				BUNDLE_LOADER = "$(BUILT_PRODUCTS_DIR)/RyteBytes.app/RyteBytes";
				FRAMEWORK_SEARCH_PATHS = (
					"\"$(SDKROOT)\"/Developer/Library/Frameworks",
					"\"$(DEVELOPER_LIBRARY_DIR)\"/Frameworks",
				);
				GCC_PRECOMPILE_PREFIX_HEADER = YES;
				GCC_PREFIX_HEADER = "RyteBytes/RyteBytes-Prefix.pch";
				INFOPLIST_FILE = "RyteBytesTests/RyteBytesTests-Info.plist";
				PRODUCT_NAME = "$(TARGET_NAME)";
				TEST_HOST = "$(BUNDLE_LOADER)";
				WRAPPER_EXTENSION = octest;
			};
			name = Release;
		};
/* End XCBuildConfiguration section */

/* Begin XCConfigurationList section */
		0176637816C05809003BBD47 /* Build configuration list for PBXProject "RyteBytes" */ = {
			isa = XCConfigurationList;
			buildConfigurations = (
				017663BA16C05809003BBD47 /* Debug */,
				017663BB16C05809003BBD47 /* Release */,
			);
			defaultConfigurationIsVisible = 0;
			defaultConfigurationName = Release;
		};
		017663BC16C05809003BBD47 /* Build configuration list for PBXNativeTarget "RyteBytes" */ = {
			isa = XCConfigurationList;
			buildConfigurations = (
				017663BD16C05809003BBD47 /* Debug */,
				017663BE16C05809003BBD47 /* Release */,
			);
			defaultConfigurationIsVisible = 0;
			defaultConfigurationName = Release;
		};
		017663BF16C05809003BBD47 /* Build configuration list for PBXNativeTarget "RyteBytesTests" */ = {
			isa = XCConfigurationList;
			buildConfigurations = (
				017663C016C05809003BBD47 /* Debug */,
				017663C116C05809003BBD47 /* Release */,
			);
			defaultConfigurationIsVisible = 0;
			defaultConfigurationName = Release;
		};
/* End XCConfigurationList section */
	};
	rootObject = 0176637516C05809003BBD47 /* Project object */;
}
